// !$*UTF8*$!
{
	archiveVersion = 1;
	classes = {
	};
	objectVersion = 50;
	objects = {

/* Begin PBXBuildFile section */
		5A40B576ABDEBD0C0DDE15E0 /* Pods_VSMS.framework in Frameworks */ = {isa = PBXBuildFile; fileRef = 422454760A29C3178F1F4F7C /* Pods_VSMS.framework */; settings = {ATTRIBUTES = (Required, ); }; };
		86022E0D22D445FC00D4C9C2 /* ExtensionHelper.swift in Sources */ = {isa = PBXBuildFile; fileRef = 86022E0C22D445FC00D4C9C2 /* ExtensionHelper.swift */; };
		8602E5A622FE719700C31805 /* TabBarButton.xib in Resources */ = {isa = PBXBuildFile; fileRef = 8602E5A522FE719700C31805 /* TabBarButton.xib */; };
		8602E5A822FE71F100C31805 /* TabBarButton.swift in Sources */ = {isa = PBXBuildFile; fileRef = 8602E5A722FE71F100C31805 /* TabBarButton.swift */; };
		8615106022D5845800A37835 /* ContactInputTableViewCell.swift in Sources */ = {isa = PBXBuildFile; fileRef = 8615105E22D5845800A37835 /* ContactInputTableViewCell.swift */; };
		8615106122D5845800A37835 /* ContactInputTableViewCell.xib in Resources */ = {isa = PBXBuildFile; fileRef = 8615105F22D5845800A37835 /* ContactInputTableViewCell.xib */; };
		8615106322D5911B00A37835 /* PhoneNumberInputHeaderTableViewCell.xib in Resources */ = {isa = PBXBuildFile; fileRef = 8615106222D5911B00A37835 /* PhoneNumberInputHeaderTableViewCell.xib */; };
		8615106522D5914600A37835 /* PhoneNumberInputHeaderTableViewCell.swift in Sources */ = {isa = PBXBuildFile; fileRef = 8615106422D5914600A37835 /* PhoneNumberInputHeaderTableViewCell.swift */; };
		861A6FCD22E1732D0028D81D /* ListAllPostByTypeViewController.swift in Sources */ = {isa = PBXBuildFile; fileRef = 861A6FCB22E1732D0028D81D /* ListAllPostByTypeViewController.swift */; };
		861A6FCE22E1732E0028D81D /* ListAllPostByTypeViewController.xib in Resources */ = {isa = PBXBuildFile; fileRef = 861A6FCC22E1732D0028D81D /* ListAllPostByTypeViewController.xib */; };
		861A6FD122E17C970028D81D /* ListCategoryTableViewCell.swift in Sources */ = {isa = PBXBuildFile; fileRef = 861A6FCF22E17C970028D81D /* ListCategoryTableViewCell.swift */; };
		861A6FD222E17C970028D81D /* ListCategoryTableViewCell.xib in Resources */ = {isa = PBXBuildFile; fileRef = 861A6FD022E17C970028D81D /* ListCategoryTableViewCell.xib */; };
		861A6FD522E195580028D81D /* ListAllProductViewController.swift in Sources */ = {isa = PBXBuildFile; fileRef = 861A6FD322E195570028D81D /* ListAllProductViewController.swift */; };
		861A6FD622E195580028D81D /* ListAllProductViewController.xib in Resources */ = {isa = PBXBuildFile; fileRef = 861A6FD422E195570028D81D /* ListAllProductViewController.xib */; };
		861C50C2229D667400946FAB /* HomePageTableViewCell.swift in Sources */ = {isa = PBXBuildFile; fileRef = 861C50C0229D667400946FAB /* HomePageTableViewCell.swift */; };
		861C50C3229D667400946FAB /* HomePageTableViewCell.xib in Resources */ = {isa = PBXBuildFile; fileRef = 861C50C1229D667400946FAB /* HomePageTableViewCell.xib */; };
		8632208223039DDF002B9DF6 /* PostViewController.swift in Sources */ = {isa = PBXBuildFile; fileRef = 8632208123039DDF002B9DF6 /* PostViewController.swift */; };
		863220842303B0F5002B9DF6 /* StructTemplate.swift in Sources */ = {isa = PBXBuildFile; fileRef = 863220832303B0F5002B9DF6 /* StructTemplate.swift */; };
		863220862303F7EF002B9DF6 /* CusTextAreaInput.xib in Resources */ = {isa = PBXBuildFile; fileRef = 863220852303F7EE002B9DF6 /* CusTextAreaInput.xib */; };
		863220882303F828002B9DF6 /* CusTextAreaInput.swift in Sources */ = {isa = PBXBuildFile; fileRef = 863220872303F828002B9DF6 /* CusTextAreaInput.swift */; };
		863AFE0022F7E8C8002D3D5D /* LoadingTableViewCell.swift in Sources */ = {isa = PBXBuildFile; fileRef = 863AFDFE22F7E8C8002D3D5D /* LoadingTableViewCell.swift */; };
		863AFE0122F7E8C8002D3D5D /* LoadingTableViewCell.xib in Resources */ = {isa = PBXBuildFile; fileRef = 863AFDFF22F7E8C8002D3D5D /* LoadingTableViewCell.xib */; };
		863D30B623010F3B002C2725 /* CusDropDownUIView.swift in Sources */ = {isa = PBXBuildFile; fileRef = 863D30B523010F3B002C2725 /* CusDropDownUIView.swift */; };
		863D30B823010F67002C2725 /* CusDropDownUIView.xib in Resources */ = {isa = PBXBuildFile; fileRef = 863D30B723010F67002C2725 /* CusDropDownUIView.xib */; };
		863D30BA23011C20002C2725 /* LoanViewModel.swift in Sources */ = {isa = PBXBuildFile; fileRef = 863D30B923011C20002C2725 /* LoanViewModel.swift */; };
		864222B122DEC6BD002E41E7 /* RequestHandle.swift in Sources */ = {isa = PBXBuildFile; fileRef = 864222B022DEC6BD002E41E7 /* RequestHandle.swift */; };
		864222B422DEFB44002E41E7 /* ProductListTableViewCell.swift in Sources */ = {isa = PBXBuildFile; fileRef = 864222B222DEFB44002E41E7 /* ProductListTableViewCell.swift */; };
		864222B522DEFB44002E41E7 /* ProductListTableViewCell.xib in Resources */ = {isa = PBXBuildFile; fileRef = 864222B322DEFB44002E41E7 /* ProductListTableViewCell.xib */; };
		864502E422FBB7DD00E6396C /* LoanHistoryTableViewCell.swift in Sources */ = {isa = PBXBuildFile; fileRef = 864502E222FBB7DD00E6396C /* LoanHistoryTableViewCell.swift */; };
		864502E522FBB7DD00E6396C /* LoanHistoryTableViewCell.xib in Resources */ = {isa = PBXBuildFile; fileRef = 864502E322FBB7DD00E6396C /* LoanHistoryTableViewCell.xib */; };
		864502ED22FBFCFC00E6396C /* LoanViewController.swift in Sources */ = {isa = PBXBuildFile; fileRef = 864502EC22FBFCFC00E6396C /* LoanViewController.swift */; };
		864997D822F2D93B005BD2DF /* ActiveDeactiveTableViewCell.swift in Sources */ = {isa = PBXBuildFile; fileRef = 864997D622F2D93B005BD2DF /* ActiveDeactiveTableViewCell.swift */; };
		864997D922F2D93B005BD2DF /* ActiveDeactiveTableViewCell.xib in Resources */ = {isa = PBXBuildFile; fileRef = 864997D722F2D93B005BD2DF /* ActiveDeactiveTableViewCell.xib */; };
		864997DD22F2E109005BD2DF /* HelperTableViewCell.swift in Sources */ = {isa = PBXBuildFile; fileRef = 864997DB22F2E109005BD2DF /* HelperTableViewCell.swift */; };
		864997DE22F2E109005BD2DF /* HelperTableViewCell.xib in Resources */ = {isa = PBXBuildFile; fileRef = 864997DC22F2E109005BD2DF /* HelperTableViewCell.xib */; };
		864F7A5D222E607C00437C24 /* AppDelegate.swift in Sources */ = {isa = PBXBuildFile; fileRef = 864F7A5C222E607C00437C24 /* AppDelegate.swift */; };
		865B5DB7221FDD3600864F7E /* ViewController.swift in Sources */ = {isa = PBXBuildFile; fileRef = 865B5DB6221FDD3600864F7E /* ViewController.swift */; };
		865B5DBF221FDD3700864F7E /* LaunchScreen.storyboard in Resources */ = {isa = PBXBuildFile; fileRef = 865B5DBD221FDD3700864F7E /* LaunchScreen.storyboard */; };
		865C543822C5B1810081FBC5 /* LoginPasswordController.swift in Sources */ = {isa = PBXBuildFile; fileRef = 865C543722C5B1810081FBC5 /* LoginPasswordController.swift */; };
		86626B9B229C464C00FE25DD /* LocationService.swift in Sources */ = {isa = PBXBuildFile; fileRef = 86626B96229C464B00FE25DD /* LocationService.swift */; };
		86626B9E229C464C00FE25DD /* TestViewController.swift in Sources */ = {isa = PBXBuildFile; fileRef = 86626B99229C464C00FE25DD /* TestViewController.swift */; };
		86626BA3229C470B00FE25DD /* ImageCollectionViewCell.xib in Resources */ = {isa = PBXBuildFile; fileRef = 86626BA1229C470B00FE25DD /* ImageCollectionViewCell.xib */; };
		86626BAE229C480800FE25DD /* PhoneNumberHeader.xib in Resources */ = {isa = PBXBuildFile; fileRef = 86626BAC229C480800FE25DD /* PhoneNumberHeader.xib */; };
		86626BAF229C480800FE25DD /* PhoneNumberHeader.swift in Sources */ = {isa = PBXBuildFile; fileRef = 86626BAD229C480800FE25DD /* PhoneNumberHeader.swift */; };
		86626BB6229C491A00FE25DD /* CollectionTableViewCell.swift in Sources */ = {isa = PBXBuildFile; fileRef = 86626BB4229C491A00FE25DD /* CollectionTableViewCell.swift */; };
		86626BB7229C491A00FE25DD /* CollectionTableViewCell.xib in Resources */ = {isa = PBXBuildFile; fileRef = 86626BB5229C491A00FE25DD /* CollectionTableViewCell.xib */; };
		86626BBB229C493E00FE25DD /* PassDataCell.swift in Sources */ = {isa = PBXBuildFile; fileRef = 86626BB9229C493D00FE25DD /* PassDataCell.swift */; };
		86626BBE229C496300FE25DD /* DeTailTableCell.xib in Resources */ = {isa = PBXBuildFile; fileRef = 86626BBC229C496300FE25DD /* DeTailTableCell.xib */; };
		86626BBF229C496300FE25DD /* DeTailTableCell.swift in Sources */ = {isa = PBXBuildFile; fileRef = 86626BBD229C496300FE25DD /* DeTailTableCell.swift */; };
		86626BC2229C498400FE25DD /* AddmoreNumberPhoneTableViewCell.xib in Resources */ = {isa = PBXBuildFile; fileRef = 86626BC0229C498400FE25DD /* AddmoreNumberPhoneTableViewCell.xib */; };
		86626BC3229C498400FE25DD /* AddmoreNumberPhoneTableViewCell.swift in Sources */ = {isa = PBXBuildFile; fileRef = 86626BC1229C498400FE25DD /* AddmoreNumberPhoneTableViewCell.swift */; };
		866C2DB42304F20A004B7682 /* ImagePickerUIView.swift in Sources */ = {isa = PBXBuildFile; fileRef = 866C2DB32304F20A004B7682 /* ImagePickerUIView.swift */; };
		866C2DB62304F222004B7682 /* ImagePickerUIView.xib in Resources */ = {isa = PBXBuildFile; fileRef = 866C2DB52304F222004B7682 /* ImagePickerUIView.xib */; };
		866C2DB82305175B004B7682 /* PresentController.swift in Sources */ = {isa = PBXBuildFile; fileRef = 866C2DB72305175B004B7682 /* PresentController.swift */; };
		86763E1F22D4A70700391237 /* DiscountInputTableViewCell.swift in Sources */ = {isa = PBXBuildFile; fileRef = 86763E1D22D4A70700391237 /* DiscountInputTableViewCell.swift */; };
		86763E2022D4A70700391237 /* DiscountInputTableViewCell.xib in Resources */ = {isa = PBXBuildFile; fileRef = 86763E1E22D4A70700391237 /* DiscountInputTableViewCell.xib */; };
		869CF1972276F0800006D7F2 /* PostAdViewController.swift in Sources */ = {isa = PBXBuildFile; fileRef = 869CF1962276F0800006D7F2 /* PostAdViewController.swift */; };
		86AAF0C622C081C3003C46F3 /* GreditImageCollectionViewCell.swift in Sources */ = {isa = PBXBuildFile; fileRef = 86AAF0BC22C081C2003C46F3 /* GreditImageCollectionViewCell.swift */; };
		86AAF0C722C081C3003C46F3 /* DiscountCollectionViewCell.swift in Sources */ = {isa = PBXBuildFile; fileRef = 86AAF0BD22C081C2003C46F3 /* DiscountCollectionViewCell.swift */; };
		86AAF0C822C081C3003C46F3 /* DiscountCollectionViewCell.xib in Resources */ = {isa = PBXBuildFile; fileRef = 86AAF0BE22C081C3003C46F3 /* DiscountCollectionViewCell.xib */; };
		86AAF0C922C081C3003C46F3 /* NewlyTableViewCell.swift in Sources */ = {isa = PBXBuildFile; fileRef = 86AAF0BF22C081C3003C46F3 /* NewlyTableViewCell.swift */; };
		86AAF0CA22C081C3003C46F3 /* GreditImageCollectionViewCell.xib in Resources */ = {isa = PBXBuildFile; fileRef = 86AAF0C022C081C3003C46F3 /* GreditImageCollectionViewCell.xib */; };
		86AAF0CB22C081C3003C46F3 /* ImgeSlideCollectionViewCell.swift in Sources */ = {isa = PBXBuildFile; fileRef = 86AAF0C122C081C3003C46F3 /* ImgeSlideCollectionViewCell.swift */; };
		86AAF0CC22C081C3003C46F3 /* ImgeSlideCollectionViewCell.xib in Resources */ = {isa = PBXBuildFile; fileRef = 86AAF0C222C081C3003C46F3 /* ImgeSlideCollectionViewCell.xib */; };
		86AAF0CD22C081C3003C46F3 /* DiscountTableViewCell.swift in Sources */ = {isa = PBXBuildFile; fileRef = 86AAF0C322C081C3003C46F3 /* DiscountTableViewCell.swift */; };
		86AAF0CE22C081C3003C46F3 /* DiscountTableViewCell.xib in Resources */ = {isa = PBXBuildFile; fileRef = 86AAF0C422C081C3003C46F3 /* DiscountTableViewCell.xib */; };
		86AAF0CF22C081C3003C46F3 /* NewlyTableViewCell.xib in Resources */ = {isa = PBXBuildFile; fileRef = 86AAF0C522C081C3003C46F3 /* NewlyTableViewCell.xib */; };
		86AAF0D222C0894B003C46F3 /* SearchTableViewCell.swift in Sources */ = {isa = PBXBuildFile; fileRef = 86AAF0D022C0894B003C46F3 /* SearchTableViewCell.swift */; };
		86AAF0D322C0894B003C46F3 /* SearchTableViewCell.xib in Resources */ = {isa = PBXBuildFile; fileRef = 86AAF0D122C0894B003C46F3 /* SearchTableViewCell.xib */; };
		86AAF0D722C0C4D4003C46F3 /* MenuViewController.swift in Sources */ = {isa = PBXBuildFile; fileRef = 86AAF0D622C0C4D4003C46F3 /* MenuViewController.swift */; };
		86B10326229C4C7A00192DAD /* PhotoListCollectionViewCell.xib in Resources */ = {isa = PBXBuildFile; fileRef = 86B1031B229C4C7600192DAD /* PhotoListCollectionViewCell.xib */; };
		86B10328229C4C7A00192DAD /* ImageCollectionViewCell.swift in Sources */ = {isa = PBXBuildFile; fileRef = 86B1031D229C4C7700192DAD /* ImageCollectionViewCell.swift */; };
		86B10329229C4C7A00192DAD /* HomeCollectionViewCell.swift in Sources */ = {isa = PBXBuildFile; fileRef = 86B1031E229C4C7700192DAD /* HomeCollectionViewCell.swift */; };
		86B1032A229C4C7A00192DAD /* TablebalanceViewCell.swift in Sources */ = {isa = PBXBuildFile; fileRef = 86B1031F229C4C7700192DAD /* TablebalanceViewCell.swift */; };
		86B1032B229C4C7A00192DAD /* MenuTableViewCell.swift in Sources */ = {isa = PBXBuildFile; fileRef = 86B10320229C4C7800192DAD /* MenuTableViewCell.swift */; };
		86B1032C229C4C7A00192DAD /* TablepostViewCell.swift in Sources */ = {isa = PBXBuildFile; fileRef = 86B10321229C4C7800192DAD /* TablepostViewCell.swift */; };
		86B1032D229C4C7A00192DAD /* PhotoListCollectionViewCell.swift in Sources */ = {isa = PBXBuildFile; fileRef = 86B10322229C4C7900192DAD /* PhotoListCollectionViewCell.swift */; };
		86B1032E229C4C7A00192DAD /* CollectionViewHeader.swift in Sources */ = {isa = PBXBuildFile; fileRef = 86B10323229C4C7900192DAD /* CollectionViewHeader.swift */; };
		86B10336229C4E9D00192DAD /* PostContainer.swift in Sources */ = {isa = PBXBuildFile; fileRef = 86B10335229C4E9D00192DAD /* PostContainer.swift */; };
		86B10337229C4FCE00192DAD /* PassDataCell.xib in Resources */ = {isa = PBXBuildFile; fileRef = 86626BB8229C493D00FE25DD /* PassDataCell.xib */; };
		86B94E1622E83FEC00C793D2 /* CustomCell_Instagram.swift in Sources */ = {isa = PBXBuildFile; fileRef = 86B94E1422E83FEC00C793D2 /* CustomCell_Instagram.swift */; };
		86B94E1722E83FEC00C793D2 /* CustomCell_Instagram.xib in Resources */ = {isa = PBXBuildFile; fileRef = 86B94E1522E83FEC00C793D2 /* CustomCell_Instagram.xib */; };
		86D6C40F22C74D1F003B952E /* CustomTabBarController.swift in Sources */ = {isa = PBXBuildFile; fileRef = 86D6C40E22C74D1F003B952E /* CustomTabBarController.swift */; };
		86D6FC2322CDA25600B27B25 /* APIModel.swift in Sources */ = {isa = PBXBuildFile; fileRef = 86D6FC2222CDA25600B27B25 /* APIModel.swift */; };
		86D6FC2522CDA4F500B27B25 /* Functions.swift in Sources */ = {isa = PBXBuildFile; fileRef = 86D6FC2422CDA4F500B27B25 /* Functions.swift */; };
		86D6FC2722CDE1BF00B27B25 /* PostViewModel.swift in Sources */ = {isa = PBXBuildFile; fileRef = 86D6FC2622CDE1BF00B27B25 /* PostViewModel.swift */; };
		86E46AAF22D845470028C93E /* DetailViewModel.swift in Sources */ = {isa = PBXBuildFile; fileRef = 86E46AAE22D845470028C93E /* DetailViewModel.swift */; };
		86E46AB122D875FF0028C93E /* DetailViewController.swift in Sources */ = {isa = PBXBuildFile; fileRef = 86E46AB022D875FE0028C93E /* DetailViewController.swift */; };
		86E5494C22D6F596002B2980 /* Message.swift in Sources */ = {isa = PBXBuildFile; fileRef = 86E5494B22D6F595002B2980 /* Message.swift */; };
		86E8F0AF22CC427F0093D7A9 /* DropdownTableViewCell.swift in Sources */ = {isa = PBXBuildFile; fileRef = 86E8F0AD22CC427F0093D7A9 /* DropdownTableViewCell.swift */; };
		86E8F0B022CC427F0093D7A9 /* DropdownTableViewCell.xib in Resources */ = {isa = PBXBuildFile; fileRef = 86E8F0AE22CC427F0093D7A9 /* DropdownTableViewCell.xib */; };
		86E8F0B222CCBE4D0093D7A9 /* Protocol.swift in Sources */ = {isa = PBXBuildFile; fileRef = 86E8F0B122CCBE4D0093D7A9 /* Protocol.swift */; };
		86EDF13022F9862E00CBA118 /* AccountViewModel.swift in Sources */ = {isa = PBXBuildFile; fileRef = 86EDF12F22F9862E00CBA118 /* AccountViewModel.swift */; };
		86EE08B522FFC607001EF3A8 /* AboutUsandTermOfTableViewController.swift in Sources */ = {isa = PBXBuildFile; fileRef = 86EE08B422FFC607001EF3A8 /* AboutUsandTermOfTableViewController.swift */; };
		86EE08B922FFC6B7001EF3A8 /* AboutUsTableViewCell.swift in Sources */ = {isa = PBXBuildFile; fileRef = 86EE08B722FFC6B7001EF3A8 /* AboutUsTableViewCell.swift */; };
		86EE08BA22FFC6B7001EF3A8 /* AboutUsTableViewCell.xib in Resources */ = {isa = PBXBuildFile; fileRef = 86EE08B822FFC6B7001EF3A8 /* AboutUsTableViewCell.xib */; };
		86F0FB1922D1CF1500DF6559 /* PostList.swift in Sources */ = {isa = PBXBuildFile; fileRef = 86F0FB1822D1CF1500DF6559 /* PostList.swift */; };
		86F3CF7122D2DD85005F8FF6 /* DetailTableViewCell.swift in Sources */ = {isa = PBXBuildFile; fileRef = 86F3CF6F22D2DD85005F8FF6 /* DetailTableViewCell.swift */; };
		86F3CF7222D2DD85005F8FF6 /* DetailTableViewCell.xib in Resources */ = {isa = PBXBuildFile; fileRef = 86F3CF7022D2DD85005F8FF6 /* DetailTableViewCell.xib */; };
		86F4017822DF0E4500AB9ECD /* ProductImageTableViewCell.swift in Sources */ = {isa = PBXBuildFile; fileRef = 86F4017622DF0E4500AB9ECD /* ProductImageTableViewCell.swift */; };
		86F4017922DF0E4500AB9ECD /* ProductImageTableViewCell.xib in Resources */ = {isa = PBXBuildFile; fileRef = 86F4017722DF0E4500AB9ECD /* ProductImageTableViewCell.xib */; };
		86F4017C22DF12B400AB9ECD /* ProductGridTableViewCell.swift in Sources */ = {isa = PBXBuildFile; fileRef = 86F4017A22DF12B400AB9ECD /* ProductGridTableViewCell.swift */; };
		86F4017D22DF12B400AB9ECD /* ProductGridTableViewCell.xib in Resources */ = {isa = PBXBuildFile; fileRef = 86F4017B22DF12B400AB9ECD /* ProductGridTableViewCell.xib */; };
		86F4DEDB22E2D42C000ACA12 /* SearchViewController.swift in Sources */ = {isa = PBXBuildFile; fileRef = 86F4DED922E2D42C000ACA12 /* SearchViewController.swift */; };
		86F4DEDC22E2D42C000ACA12 /* SearchViewController.xib in Resources */ = {isa = PBXBuildFile; fileRef = 86F4DEDA22E2D42C000ACA12 /* SearchViewController.xib */; };
		86F4DEE022E30BDE000ACA12 /* ListFromNavigationViewController.swift in Sources */ = {isa = PBXBuildFile; fileRef = 86F4DEDE22E30BDE000ACA12 /* ListFromNavigationViewController.swift */; };
		86F4DEE122E30BDE000ACA12 /* ListFromNavigationViewController.xib in Resources */ = {isa = PBXBuildFile; fileRef = 86F4DEDF22E30BDE000ACA12 /* ListFromNavigationViewController.xib */; };
		86F65C6F22FAD8D200F01555 /* LoanTableViewCell.swift in Sources */ = {isa = PBXBuildFile; fileRef = 86F65C6D22FAD8D200F01555 /* LoanTableViewCell.swift */; };
		86F65C7022FAD8D200F01555 /* LoanTableViewCell.xib in Resources */ = {isa = PBXBuildFile; fileRef = 86F65C6E22FAD8D200F01555 /* LoanTableViewCell.xib */; };
		C402139A22574C9C007920C4 /* MenuController.swift in Sources */ = {isa = PBXBuildFile; fileRef = C402139922574C9B007920C4 /* MenuController.swift */; };
		C402139E22574CD8007920C4 /* SWRevealViewController.m in Sources */ = {isa = PBXBuildFile; fileRef = C402139D22574CD7007920C4 /* SWRevealViewController.m */; };
		C40213A522574D08007920C4 /* HomeSearchController.swift in Sources */ = {isa = PBXBuildFile; fileRef = C40213A022574D06007920C4 /* HomeSearchController.swift */; };
		C40213A622574D08007920C4 /* UploadProfileController.swift in Sources */ = {isa = PBXBuildFile; fileRef = C40213A122574D07007920C4 /* UploadProfileController.swift */; };
		C40213A722574D08007920C4 /* SearchResultController.swift in Sources */ = {isa = PBXBuildFile; fileRef = C40213A222574D07007920C4 /* SearchResultController.swift */; };
		C40213A822574D08007920C4 /* HomePageController.swift in Sources */ = {isa = PBXBuildFile; fileRef = C40213A322574D08007920C4 /* HomePageController.swift */; };
		C453177222C3303A006F0BB8 /* NewPostListCollectionViewCell.swift in Sources */ = {isa = PBXBuildFile; fileRef = C453177022C3303A006F0BB8 /* NewPostListCollectionViewCell.swift */; };
		C453177322C3303A006F0BB8 /* NewPostListCollectionViewCell.xib in Resources */ = {isa = PBXBuildFile; fileRef = C453177122C3303A006F0BB8 /* NewPostListCollectionViewCell.xib */; };
		C456204022D0BAE300DBF21D /* ProfileModel.swift in Sources */ = {isa = PBXBuildFile; fileRef = C456203F22D0BAE300DBF21D /* ProfileModel.swift */; };
		C45661B322CE6D6200973945 /* PostsTableViewCell.swift in Sources */ = {isa = PBXBuildFile; fileRef = C45661B122CE6D6200973945 /* PostsTableViewCell.swift */; };
		C45661B422CE6D6200973945 /* PostsTableViewCell.xib in Resources */ = {isa = PBXBuildFile; fileRef = C45661B222CE6D6200973945 /* PostsTableViewCell.xib */; };
		C45661B722CE6D9200973945 /* LikesTableViewCell.swift in Sources */ = {isa = PBXBuildFile; fileRef = C45661B522CE6D9200973945 /* LikesTableViewCell.swift */; };
		C45661B822CE6D9200973945 /* LikesTableViewCell.xib in Resources */ = {isa = PBXBuildFile; fileRef = C45661B622CE6D9200973945 /* LikesTableViewCell.xib */; };
		C4726A992306CD5700C5B381 /* HideShowTextField.swift in Sources */ = {isa = PBXBuildFile; fileRef = C4726A982306CD5700C5B381 /* HideShowTextField.swift */; };
		C4726A9B2306CDE100C5B381 /* PasswordToggleVisibilityView.swift in Sources */ = {isa = PBXBuildFile; fileRef = C4726A9A2306CDE100C5B381 /* PasswordToggleVisibilityView.swift */; };
		C4826FC823000FD000494DB0 /* TermofprivacyTableViewCell.swift in Sources */ = {isa = PBXBuildFile; fileRef = C4826FC623000FD000494DB0 /* TermofprivacyTableViewCell.swift */; };
		C4826FC923000FD100494DB0 /* TermofprivacyTableViewCell.xib in Resources */ = {isa = PBXBuildFile; fileRef = C4826FC723000FD000494DB0 /* TermofprivacyTableViewCell.xib */; };
		C489D19E22E0FEDF002BB560 /* Main.storyboard in Resources */ = {isa = PBXBuildFile; fileRef = 865B5DB8221FDD3600864F7E /* Main.storyboard */; };
		C48E11172306794F007E52A8 /* ChangePasswordController.swift in Sources */ = {isa = PBXBuildFile; fileRef = C48E11162306794F007E52A8 /* ChangePasswordController.swift */; };
		C48F457722E4618D0097370F /* ContectViewController.swift in Sources */ = {isa = PBXBuildFile; fileRef = C48F457622E4618D0097370F /* ContectViewController.swift */; };
		C492463D22D4A119003B41E4 /* HomePageModel.swift in Sources */ = {isa = PBXBuildFile; fileRef = C492463C22D4A119003B41E4 /* HomePageModel.swift */; };
		C49A53ED22FDAE7F0017E122 /* CusInputUIView.swift in Sources */ = {isa = PBXBuildFile; fileRef = C49A53EC22FDAE7F0017E122 /* CusInputUIView.swift */; };
		C49A53EF22FDAEB90017E122 /* CusInputUIView.xib in Resources */ = {isa = PBXBuildFile; fileRef = C49A53EE22FDAEB90017E122 /* CusInputUIView.xib */; };
		C4AAF7A622C5F2E200B82364 /* NewPostGridCollectionViewCell.swift in Sources */ = {isa = PBXBuildFile; fileRef = C4AAF7A422C5F2E200B82364 /* NewPostGridCollectionViewCell.swift */; };
		C4AAF7A722C5F2E300B82364 /* NewPostGridCollectionViewCell.xib in Resources */ = {isa = PBXBuildFile; fileRef = C4AAF7A522C5F2E200B82364 /* NewPostGridCollectionViewCell.xib */; };
		C4AAF7AA22C60E1C00B82364 /* NewPostImageCollectionViewCell.swift in Sources */ = {isa = PBXBuildFile; fileRef = C4AAF7A822C60E1C00B82364 /* NewPostImageCollectionViewCell.swift */; };
		C4AAF7AB22C60E1C00B82364 /* NewPostImageCollectionViewCell.xib in Resources */ = {isa = PBXBuildFile; fileRef = C4AAF7A922C60E1C00B82364 /* NewPostImageCollectionViewCell.xib */; };
		C4CCAE4722F9660700E21EC4 /* String+Extension.swift in Sources */ = {isa = PBXBuildFile; fileRef = C4CCAE4622F9660700E21EC4 /* String+Extension.swift */; };
		C4CCAE4922F9676B00E21EC4 /* BaseViewController.swift in Sources */ = {isa = PBXBuildFile; fileRef = C4CCAE4822F9676A00E21EC4 /* BaseViewController.swift */; };
		C4CCAE4B22F9679300E21EC4 /* LanguageManager.swift in Sources */ = {isa = PBXBuildFile; fileRef = C4CCAE4A22F9679300E21EC4 /* LanguageManager.swift */; };
		C4CCAE5322F9732C00E21EC4 /* Localizable.strings in Resources */ = {isa = PBXBuildFile; fileRef = C4CCAE5122F9732C00E21EC4 /* Localizable.strings */; };
		D52D64552232736D00008156 /* NewViewController.swift in Sources */ = {isa = PBXBuildFile; fileRef = D52D64542232736D00008156 /* NewViewController.swift */; };
		D54A83CC225465A900BA1634 /* Assets.xcassets in Resources */ = {isa = PBXBuildFile; fileRef = D54A83CB225465A900BA1634 /* Assets.xcassets */; };
		D54C4811224223BD004FE033 /* LoginController.swift in Sources */ = {isa = PBXBuildFile; fileRef = D54C4810224223BD004FE033 /* LoginController.swift */; };
		D54C48132242249D004FE033 /* RegisterController.swift in Sources */ = {isa = PBXBuildFile; fileRef = D54C48122242249D004FE033 /* RegisterController.swift */; };
		D54C481522422F20004FE033 /* MyAccountController.swift in Sources */ = {isa = PBXBuildFile; fileRef = D54C481422422F20004FE033 /* MyAccountController.swift */; };
		D55FA97B223EBD34005B0C8D /* SettingController.swift in Sources */ = {isa = PBXBuildFile; fileRef = D55FA97A223EBD34005B0C8D /* SettingController.swift */; };
		D588515A224DC5CC006BF532 /* TablebalanceViewController.swift in Sources */ = {isa = PBXBuildFile; fileRef = D5885159224DC5CC006BF532 /* TablebalanceViewController.swift */; };
		D5901C8A2248890C00F0D581 /* StockTransfer.swift in Sources */ = {isa = PBXBuildFile; fileRef = D5901C892248890C00F0D581 /* StockTransfer.swift */; };
		D5B6471E2255A91E00C113FF /* TablepostviewController.swift in Sources */ = {isa = PBXBuildFile; fileRef = D5B6471D2255A91E00C113FF /* TablepostviewController.swift */; };
		D5BA49ED2255ECC100C61E9C /* TransferinfomationViewController.swift in Sources */ = {isa = PBXBuildFile; fileRef = D5BA49EC2255ECC100C61E9C /* TransferinfomationViewController.swift */; };
/* End PBXBuildFile section */

/* Begin PBXFileReference section */
		0DBE36CC98970F76E207A56D /* Pods-VSMS.release.xcconfig */ = {isa = PBXFileReference; includeInIndex = 1; lastKnownFileType = text.xcconfig; name = "Pods-VSMS.release.xcconfig"; path = "Target Support Files/Pods-VSMS/Pods-VSMS.release.xcconfig"; sourceTree = "<group>"; };
		1AF75AC80883AE714FAFFEFD /* Pods-VSMS.debug.xcconfig */ = {isa = PBXFileReference; includeInIndex = 1; lastKnownFileType = text.xcconfig; name = "Pods-VSMS.debug.xcconfig"; path = "Target Support Files/Pods-VSMS/Pods-VSMS.debug.xcconfig"; sourceTree = "<group>"; };
		422454760A29C3178F1F4F7C /* Pods_VSMS.framework */ = {isa = PBXFileReference; explicitFileType = wrapper.framework; includeInIndex = 0; path = Pods_VSMS.framework; sourceTree = BUILT_PRODUCTS_DIR; };
		86022E0C22D445FC00D4C9C2 /* ExtensionHelper.swift */ = {isa = PBXFileReference; lastKnownFileType = sourcecode.swift; path = ExtensionHelper.swift; sourceTree = "<group>"; };
		8602E5A522FE719700C31805 /* TabBarButton.xib */ = {isa = PBXFileReference; lastKnownFileType = file.xib; path = TabBarButton.xib; sourceTree = "<group>"; };
		8602E5A722FE71F100C31805 /* TabBarButton.swift */ = {isa = PBXFileReference; lastKnownFileType = sourcecode.swift; path = TabBarButton.swift; sourceTree = "<group>"; };
		8615105E22D5845800A37835 /* ContactInputTableViewCell.swift */ = {isa = PBXFileReference; lastKnownFileType = sourcecode.swift; path = ContactInputTableViewCell.swift; sourceTree = "<group>"; };
		8615105F22D5845800A37835 /* ContactInputTableViewCell.xib */ = {isa = PBXFileReference; lastKnownFileType = file.xib; path = ContactInputTableViewCell.xib; sourceTree = "<group>"; };
		8615106222D5911B00A37835 /* PhoneNumberInputHeaderTableViewCell.xib */ = {isa = PBXFileReference; lastKnownFileType = file.xib; path = PhoneNumberInputHeaderTableViewCell.xib; sourceTree = "<group>"; };
		8615106422D5914600A37835 /* PhoneNumberInputHeaderTableViewCell.swift */ = {isa = PBXFileReference; lastKnownFileType = sourcecode.swift; path = PhoneNumberInputHeaderTableViewCell.swift; sourceTree = "<group>"; };
		861A6FCB22E1732D0028D81D /* ListAllPostByTypeViewController.swift */ = {isa = PBXFileReference; lastKnownFileType = sourcecode.swift; path = ListAllPostByTypeViewController.swift; sourceTree = "<group>"; };
		861A6FCC22E1732D0028D81D /* ListAllPostByTypeViewController.xib */ = {isa = PBXFileReference; lastKnownFileType = file.xib; path = ListAllPostByTypeViewController.xib; sourceTree = "<group>"; };
		861A6FCF22E17C970028D81D /* ListCategoryTableViewCell.swift */ = {isa = PBXFileReference; lastKnownFileType = sourcecode.swift; path = ListCategoryTableViewCell.swift; sourceTree = "<group>"; };
		861A6FD022E17C970028D81D /* ListCategoryTableViewCell.xib */ = {isa = PBXFileReference; lastKnownFileType = file.xib; path = ListCategoryTableViewCell.xib; sourceTree = "<group>"; };
		861A6FD322E195570028D81D /* ListAllProductViewController.swift */ = {isa = PBXFileReference; lastKnownFileType = sourcecode.swift; path = ListAllProductViewController.swift; sourceTree = "<group>"; };
		861A6FD422E195570028D81D /* ListAllProductViewController.xib */ = {isa = PBXFileReference; lastKnownFileType = file.xib; path = ListAllProductViewController.xib; sourceTree = "<group>"; };
		861C50C0229D667400946FAB /* HomePageTableViewCell.swift */ = {isa = PBXFileReference; lastKnownFileType = sourcecode.swift; path = HomePageTableViewCell.swift; sourceTree = SOURCE_ROOT; };
		861C50C1229D667400946FAB /* HomePageTableViewCell.xib */ = {isa = PBXFileReference; lastKnownFileType = file.xib; path = HomePageTableViewCell.xib; sourceTree = SOURCE_ROOT; };
		8632208123039DDF002B9DF6 /* PostViewController.swift */ = {isa = PBXFileReference; lastKnownFileType = sourcecode.swift; path = PostViewController.swift; sourceTree = "<group>"; };
		863220832303B0F5002B9DF6 /* StructTemplate.swift */ = {isa = PBXFileReference; lastKnownFileType = sourcecode.swift; path = StructTemplate.swift; sourceTree = "<group>"; };
		863220852303F7EE002B9DF6 /* CusTextAreaInput.xib */ = {isa = PBXFileReference; lastKnownFileType = file.xib; path = CusTextAreaInput.xib; sourceTree = "<group>"; };
		863220872303F828002B9DF6 /* CusTextAreaInput.swift */ = {isa = PBXFileReference; lastKnownFileType = sourcecode.swift; path = CusTextAreaInput.swift; sourceTree = "<group>"; };
		863AFDFE22F7E8C8002D3D5D /* LoadingTableViewCell.swift */ = {isa = PBXFileReference; lastKnownFileType = sourcecode.swift; path = LoadingTableViewCell.swift; sourceTree = "<group>"; };
		863AFDFF22F7E8C8002D3D5D /* LoadingTableViewCell.xib */ = {isa = PBXFileReference; lastKnownFileType = file.xib; path = LoadingTableViewCell.xib; sourceTree = "<group>"; };
		863D30B523010F3B002C2725 /* CusDropDownUIView.swift */ = {isa = PBXFileReference; lastKnownFileType = sourcecode.swift; path = CusDropDownUIView.swift; sourceTree = "<group>"; };
		863D30B723010F67002C2725 /* CusDropDownUIView.xib */ = {isa = PBXFileReference; lastKnownFileType = file.xib; path = CusDropDownUIView.xib; sourceTree = "<group>"; };
		863D30B923011C20002C2725 /* LoanViewModel.swift */ = {isa = PBXFileReference; lastKnownFileType = sourcecode.swift; path = LoanViewModel.swift; sourceTree = "<group>"; };
		864222B022DEC6BD002E41E7 /* RequestHandle.swift */ = {isa = PBXFileReference; lastKnownFileType = sourcecode.swift; path = RequestHandle.swift; sourceTree = "<group>"; };
		864222B222DEFB44002E41E7 /* ProductListTableViewCell.swift */ = {isa = PBXFileReference; lastKnownFileType = sourcecode.swift; path = ProductListTableViewCell.swift; sourceTree = "<group>"; };
		864222B322DEFB44002E41E7 /* ProductListTableViewCell.xib */ = {isa = PBXFileReference; lastKnownFileType = file.xib; path = ProductListTableViewCell.xib; sourceTree = "<group>"; };
		864502E222FBB7DD00E6396C /* LoanHistoryTableViewCell.swift */ = {isa = PBXFileReference; lastKnownFileType = sourcecode.swift; path = LoanHistoryTableViewCell.swift; sourceTree = "<group>"; };
		864502E322FBB7DD00E6396C /* LoanHistoryTableViewCell.xib */ = {isa = PBXFileReference; lastKnownFileType = file.xib; path = LoanHistoryTableViewCell.xib; sourceTree = "<group>"; };
		864502EC22FBFCFC00E6396C /* LoanViewController.swift */ = {isa = PBXFileReference; lastKnownFileType = sourcecode.swift; path = LoanViewController.swift; sourceTree = "<group>"; };
		864997D622F2D93B005BD2DF /* ActiveDeactiveTableViewCell.swift */ = {isa = PBXFileReference; lastKnownFileType = sourcecode.swift; path = ActiveDeactiveTableViewCell.swift; sourceTree = "<group>"; };
		864997D722F2D93B005BD2DF /* ActiveDeactiveTableViewCell.xib */ = {isa = PBXFileReference; lastKnownFileType = file.xib; path = ActiveDeactiveTableViewCell.xib; sourceTree = "<group>"; };
		864997DB22F2E109005BD2DF /* HelperTableViewCell.swift */ = {isa = PBXFileReference; lastKnownFileType = sourcecode.swift; path = HelperTableViewCell.swift; sourceTree = "<group>"; };
		864997DC22F2E109005BD2DF /* HelperTableViewCell.xib */ = {isa = PBXFileReference; lastKnownFileType = file.xib; path = HelperTableViewCell.xib; sourceTree = "<group>"; };
		864F7A5C222E607C00437C24 /* AppDelegate.swift */ = {isa = PBXFileReference; fileEncoding = 4; lastKnownFileType = sourcecode.swift; path = AppDelegate.swift; sourceTree = "<group>"; };
		865B5DB1221FDD3600864F7E /* VSMS.app */ = {isa = PBXFileReference; explicitFileType = wrapper.application; includeInIndex = 0; path = VSMS.app; sourceTree = BUILT_PRODUCTS_DIR; };
		865B5DB6221FDD3600864F7E /* ViewController.swift */ = {isa = PBXFileReference; lastKnownFileType = sourcecode.swift; path = ViewController.swift; sourceTree = "<group>"; };
		865B5DB9221FDD3600864F7E /* Base */ = {isa = PBXFileReference; lastKnownFileType = file.storyboard; name = Base; path = Base.lproj/Main.storyboard; sourceTree = "<group>"; };
		865B5DBE221FDD3700864F7E /* Base */ = {isa = PBXFileReference; lastKnownFileType = file.storyboard; name = Base; path = Base.lproj/LaunchScreen.storyboard; sourceTree = "<group>"; };
		865B5DC0221FDD3700864F7E /* Info.plist */ = {isa = PBXFileReference; lastKnownFileType = text.plist.xml; path = Info.plist; sourceTree = "<group>"; };
		865C543722C5B1810081FBC5 /* LoginPasswordController.swift */ = {isa = PBXFileReference; lastKnownFileType = sourcecode.swift; path = LoginPasswordController.swift; sourceTree = "<group>"; };
		86626B96229C464B00FE25DD /* LocationService.swift */ = {isa = PBXFileReference; fileEncoding = 4; lastKnownFileType = sourcecode.swift; path = LocationService.swift; sourceTree = "<group>"; };
		86626B99229C464C00FE25DD /* TestViewController.swift */ = {isa = PBXFileReference; fileEncoding = 4; lastKnownFileType = sourcecode.swift; path = TestViewController.swift; sourceTree = "<group>"; };
		86626BA1229C470B00FE25DD /* ImageCollectionViewCell.xib */ = {isa = PBXFileReference; fileEncoding = 4; lastKnownFileType = file.xib; name = ImageCollectionViewCell.xib; path = VSMS/Controller/ImageCollectionViewCell.xib; sourceTree = SOURCE_ROOT; };
		86626BAC229C480800FE25DD /* PhoneNumberHeader.xib */ = {isa = PBXFileReference; fileEncoding = 4; lastKnownFileType = file.xib; name = PhoneNumberHeader.xib; path = VSMS/View/Collectionphoto/PhoneNumberHeader.xib; sourceTree = SOURCE_ROOT; };
		86626BAD229C480800FE25DD /* PhoneNumberHeader.swift */ = {isa = PBXFileReference; fileEncoding = 4; lastKnownFileType = sourcecode.swift; name = PhoneNumberHeader.swift; path = VSMS/View/Collectionphoto/PhoneNumberHeader.swift; sourceTree = SOURCE_ROOT; };
		86626BB4229C491A00FE25DD /* CollectionTableViewCell.swift */ = {isa = PBXFileReference; fileEncoding = 4; lastKnownFileType = sourcecode.swift; name = CollectionTableViewCell.swift; path = VSMS/View/Collectionphoto/CollectionTableViewCell.swift; sourceTree = SOURCE_ROOT; };
		86626BB5229C491A00FE25DD /* CollectionTableViewCell.xib */ = {isa = PBXFileReference; fileEncoding = 4; lastKnownFileType = file.xib; name = CollectionTableViewCell.xib; path = VSMS/View/Collectionphoto/CollectionTableViewCell.xib; sourceTree = SOURCE_ROOT; };
		86626BB8229C493D00FE25DD /* PassDataCell.xib */ = {isa = PBXFileReference; fileEncoding = 4; lastKnownFileType = file.xib; name = PassDataCell.xib; path = VSMS/View/Collectionphoto/PassDataCell.xib; sourceTree = SOURCE_ROOT; };
		86626BB9229C493D00FE25DD /* PassDataCell.swift */ = {isa = PBXFileReference; fileEncoding = 4; lastKnownFileType = sourcecode.swift; name = PassDataCell.swift; path = VSMS/View/Collectionphoto/PassDataCell.swift; sourceTree = SOURCE_ROOT; };
		86626BBC229C496300FE25DD /* DeTailTableCell.xib */ = {isa = PBXFileReference; fileEncoding = 4; lastKnownFileType = file.xib; name = DeTailTableCell.xib; path = VSMS/View/Collectionphoto/DeTailTableCell.xib; sourceTree = SOURCE_ROOT; };
		86626BBD229C496300FE25DD /* DeTailTableCell.swift */ = {isa = PBXFileReference; fileEncoding = 4; lastKnownFileType = sourcecode.swift; name = DeTailTableCell.swift; path = VSMS/View/Collectionphoto/DeTailTableCell.swift; sourceTree = SOURCE_ROOT; };
		86626BC0229C498400FE25DD /* AddmoreNumberPhoneTableViewCell.xib */ = {isa = PBXFileReference; fileEncoding = 4; lastKnownFileType = file.xib; name = AddmoreNumberPhoneTableViewCell.xib; path = VSMS/View/Collectionphoto/AddmoreNumberPhoneTableViewCell.xib; sourceTree = SOURCE_ROOT; };
		86626BC1229C498400FE25DD /* AddmoreNumberPhoneTableViewCell.swift */ = {isa = PBXFileReference; fileEncoding = 4; lastKnownFileType = sourcecode.swift; name = AddmoreNumberPhoneTableViewCell.swift; path = VSMS/View/Collectionphoto/AddmoreNumberPhoneTableViewCell.swift; sourceTree = SOURCE_ROOT; };
		866C2DB32304F20A004B7682 /* ImagePickerUIView.swift */ = {isa = PBXFileReference; lastKnownFileType = sourcecode.swift; path = ImagePickerUIView.swift; sourceTree = "<group>"; };
		866C2DB52304F222004B7682 /* ImagePickerUIView.xib */ = {isa = PBXFileReference; lastKnownFileType = file.xib; path = ImagePickerUIView.xib; sourceTree = "<group>"; };
		866C2DB72305175B004B7682 /* PresentController.swift */ = {isa = PBXFileReference; lastKnownFileType = sourcecode.swift; path = PresentController.swift; sourceTree = "<group>"; };
		86763E1D22D4A70700391237 /* DiscountInputTableViewCell.swift */ = {isa = PBXFileReference; lastKnownFileType = sourcecode.swift; path = DiscountInputTableViewCell.swift; sourceTree = "<group>"; };
		86763E1E22D4A70700391237 /* DiscountInputTableViewCell.xib */ = {isa = PBXFileReference; lastKnownFileType = file.xib; path = DiscountInputTableViewCell.xib; sourceTree = "<group>"; };
		869CF1962276F0800006D7F2 /* PostAdViewController.swift */ = {isa = PBXFileReference; lastKnownFileType = sourcecode.swift; path = PostAdViewController.swift; sourceTree = "<group>"; };
		86AAF0BC22C081C2003C46F3 /* GreditImageCollectionViewCell.swift */ = {isa = PBXFileReference; fileEncoding = 4; lastKnownFileType = sourcecode.swift; path = GreditImageCollectionViewCell.swift; sourceTree = SOURCE_ROOT; };
		86AAF0BD22C081C2003C46F3 /* DiscountCollectionViewCell.swift */ = {isa = PBXFileReference; fileEncoding = 4; lastKnownFileType = sourcecode.swift; path = DiscountCollectionViewCell.swift; sourceTree = SOURCE_ROOT; };
		86AAF0BE22C081C3003C46F3 /* DiscountCollectionViewCell.xib */ = {isa = PBXFileReference; fileEncoding = 4; lastKnownFileType = file.xib; path = DiscountCollectionViewCell.xib; sourceTree = SOURCE_ROOT; };
		86AAF0BF22C081C3003C46F3 /* NewlyTableViewCell.swift */ = {isa = PBXFileReference; fileEncoding = 4; lastKnownFileType = sourcecode.swift; path = NewlyTableViewCell.swift; sourceTree = SOURCE_ROOT; };
		86AAF0C022C081C3003C46F3 /* GreditImageCollectionViewCell.xib */ = {isa = PBXFileReference; fileEncoding = 4; lastKnownFileType = file.xib; path = GreditImageCollectionViewCell.xib; sourceTree = SOURCE_ROOT; };
		86AAF0C122C081C3003C46F3 /* ImgeSlideCollectionViewCell.swift */ = {isa = PBXFileReference; fileEncoding = 4; lastKnownFileType = sourcecode.swift; path = ImgeSlideCollectionViewCell.swift; sourceTree = SOURCE_ROOT; };
		86AAF0C222C081C3003C46F3 /* ImgeSlideCollectionViewCell.xib */ = {isa = PBXFileReference; fileEncoding = 4; lastKnownFileType = file.xib; path = ImgeSlideCollectionViewCell.xib; sourceTree = SOURCE_ROOT; };
		86AAF0C322C081C3003C46F3 /* DiscountTableViewCell.swift */ = {isa = PBXFileReference; fileEncoding = 4; lastKnownFileType = sourcecode.swift; path = DiscountTableViewCell.swift; sourceTree = SOURCE_ROOT; };
		86AAF0C422C081C3003C46F3 /* DiscountTableViewCell.xib */ = {isa = PBXFileReference; fileEncoding = 4; lastKnownFileType = file.xib; path = DiscountTableViewCell.xib; sourceTree = SOURCE_ROOT; };
		86AAF0C522C081C3003C46F3 /* NewlyTableViewCell.xib */ = {isa = PBXFileReference; fileEncoding = 4; lastKnownFileType = file.xib; path = NewlyTableViewCell.xib; sourceTree = SOURCE_ROOT; };
		86AAF0D022C0894B003C46F3 /* SearchTableViewCell.swift */ = {isa = PBXFileReference; lastKnownFileType = sourcecode.swift; path = SearchTableViewCell.swift; sourceTree = SOURCE_ROOT; };
		86AAF0D122C0894B003C46F3 /* SearchTableViewCell.xib */ = {isa = PBXFileReference; lastKnownFileType = file.xib; path = SearchTableViewCell.xib; sourceTree = SOURCE_ROOT; };
		86AAF0D622C0C4D4003C46F3 /* MenuViewController.swift */ = {isa = PBXFileReference; lastKnownFileType = sourcecode.swift; path = MenuViewController.swift; sourceTree = "<group>"; };
		86B1031B229C4C7600192DAD /* PhotoListCollectionViewCell.xib */ = {isa = PBXFileReference; fileEncoding = 4; lastKnownFileType = file.xib; name = PhotoListCollectionViewCell.xib; path = VSMS/View/Collectionphoto/PhotoListCollectionViewCell.xib; sourceTree = SOURCE_ROOT; };
		86B1031D229C4C7700192DAD /* ImageCollectionViewCell.swift */ = {isa = PBXFileReference; fileEncoding = 4; lastKnownFileType = sourcecode.swift; name = ImageCollectionViewCell.swift; path = VSMS/View/Collectionphoto/ImageCollectionViewCell.swift; sourceTree = SOURCE_ROOT; };
		86B1031E229C4C7700192DAD /* HomeCollectionViewCell.swift */ = {isa = PBXFileReference; fileEncoding = 4; lastKnownFileType = sourcecode.swift; name = HomeCollectionViewCell.swift; path = VSMS/View/Collectionphoto/HomeCollectionViewCell.swift; sourceTree = SOURCE_ROOT; };
		86B1031F229C4C7700192DAD /* TablebalanceViewCell.swift */ = {isa = PBXFileReference; fileEncoding = 4; lastKnownFileType = sourcecode.swift; name = TablebalanceViewCell.swift; path = VSMS/View/Collectionphoto/TablebalanceViewCell.swift; sourceTree = SOURCE_ROOT; };
		86B10320229C4C7800192DAD /* MenuTableViewCell.swift */ = {isa = PBXFileReference; fileEncoding = 4; lastKnownFileType = sourcecode.swift; name = MenuTableViewCell.swift; path = VSMS/View/Collectionphoto/MenuTableViewCell.swift; sourceTree = SOURCE_ROOT; };
		86B10321229C4C7800192DAD /* TablepostViewCell.swift */ = {isa = PBXFileReference; fileEncoding = 4; lastKnownFileType = sourcecode.swift; name = TablepostViewCell.swift; path = VSMS/View/Collectionphoto/TablepostViewCell.swift; sourceTree = SOURCE_ROOT; };
		86B10322229C4C7900192DAD /* PhotoListCollectionViewCell.swift */ = {isa = PBXFileReference; fileEncoding = 4; lastKnownFileType = sourcecode.swift; name = PhotoListCollectionViewCell.swift; path = VSMS/View/Collectionphoto/PhotoListCollectionViewCell.swift; sourceTree = SOURCE_ROOT; };
		86B10323229C4C7900192DAD /* CollectionViewHeader.swift */ = {isa = PBXFileReference; fileEncoding = 4; lastKnownFileType = sourcecode.swift; name = CollectionViewHeader.swift; path = VSMS/View/Collectionphoto/CollectionViewHeader.swift; sourceTree = SOURCE_ROOT; };
		86B10335229C4E9D00192DAD /* PostContainer.swift */ = {isa = PBXFileReference; fileEncoding = 4; lastKnownFileType = sourcecode.swift; name = PostContainer.swift; path = VSMS/View/Collectionphoto/PostContainer.swift; sourceTree = SOURCE_ROOT; };
		86B94E1422E83FEC00C793D2 /* CustomCell_Instagram.swift */ = {isa = PBXFileReference; fileEncoding = 4; lastKnownFileType = sourcecode.swift; path = CustomCell_Instagram.swift; sourceTree = "<group>"; };
		86B94E1522E83FEC00C793D2 /* CustomCell_Instagram.xib */ = {isa = PBXFileReference; fileEncoding = 4; lastKnownFileType = file.xib; path = CustomCell_Instagram.xib; sourceTree = "<group>"; };
		86D6C40E22C74D1F003B952E /* CustomTabBarController.swift */ = {isa = PBXFileReference; lastKnownFileType = sourcecode.swift; path = CustomTabBarController.swift; sourceTree = "<group>"; };
		86D6FC2222CDA25600B27B25 /* APIModel.swift */ = {isa = PBXFileReference; lastKnownFileType = sourcecode.swift; path = APIModel.swift; sourceTree = "<group>"; };
		86D6FC2422CDA4F500B27B25 /* Functions.swift */ = {isa = PBXFileReference; lastKnownFileType = sourcecode.swift; path = Functions.swift; sourceTree = "<group>"; };
		86D6FC2622CDE1BF00B27B25 /* PostViewModel.swift */ = {isa = PBXFileReference; lastKnownFileType = sourcecode.swift; path = PostViewModel.swift; sourceTree = "<group>"; };
		86E46AAE22D845470028C93E /* DetailViewModel.swift */ = {isa = PBXFileReference; lastKnownFileType = sourcecode.swift; path = DetailViewModel.swift; sourceTree = "<group>"; };
		86E46AB022D875FE0028C93E /* DetailViewController.swift */ = {isa = PBXFileReference; lastKnownFileType = sourcecode.swift; path = DetailViewController.swift; sourceTree = "<group>"; };
		86E5494B22D6F595002B2980 /* Message.swift */ = {isa = PBXFileReference; lastKnownFileType = sourcecode.swift; path = Message.swift; sourceTree = "<group>"; };
		86E8F0AD22CC427F0093D7A9 /* DropdownTableViewCell.swift */ = {isa = PBXFileReference; lastKnownFileType = sourcecode.swift; path = DropdownTableViewCell.swift; sourceTree = "<group>"; };
		86E8F0AE22CC427F0093D7A9 /* DropdownTableViewCell.xib */ = {isa = PBXFileReference; lastKnownFileType = file.xib; path = DropdownTableViewCell.xib; sourceTree = "<group>"; };
		86E8F0B122CCBE4D0093D7A9 /* Protocol.swift */ = {isa = PBXFileReference; lastKnownFileType = sourcecode.swift; path = Protocol.swift; sourceTree = "<group>"; };
		86EDF12F22F9862E00CBA118 /* AccountViewModel.swift */ = {isa = PBXFileReference; lastKnownFileType = sourcecode.swift; path = AccountViewModel.swift; sourceTree = "<group>"; };
		86EE08B422FFC607001EF3A8 /* AboutUsandTermOfTableViewController.swift */ = {isa = PBXFileReference; lastKnownFileType = sourcecode.swift; path = AboutUsandTermOfTableViewController.swift; sourceTree = "<group>"; };
		86EE08B722FFC6B7001EF3A8 /* AboutUsTableViewCell.swift */ = {isa = PBXFileReference; lastKnownFileType = sourcecode.swift; path = AboutUsTableViewCell.swift; sourceTree = "<group>"; };
		86EE08B822FFC6B7001EF3A8 /* AboutUsTableViewCell.xib */ = {isa = PBXFileReference; lastKnownFileType = file.xib; path = AboutUsTableViewCell.xib; sourceTree = "<group>"; };
		86F0FB1822D1CF1500DF6559 /* PostList.swift */ = {isa = PBXFileReference; lastKnownFileType = sourcecode.swift; path = PostList.swift; sourceTree = "<group>"; };
		86F3CF6F22D2DD85005F8FF6 /* DetailTableViewCell.swift */ = {isa = PBXFileReference; lastKnownFileType = sourcecode.swift; path = DetailTableViewCell.swift; sourceTree = "<group>"; };
		86F3CF7022D2DD85005F8FF6 /* DetailTableViewCell.xib */ = {isa = PBXFileReference; lastKnownFileType = file.xib; path = DetailTableViewCell.xib; sourceTree = "<group>"; };
		86F4017622DF0E4500AB9ECD /* ProductImageTableViewCell.swift */ = {isa = PBXFileReference; lastKnownFileType = sourcecode.swift; path = ProductImageTableViewCell.swift; sourceTree = "<group>"; };
		86F4017722DF0E4500AB9ECD /* ProductImageTableViewCell.xib */ = {isa = PBXFileReference; lastKnownFileType = file.xib; path = ProductImageTableViewCell.xib; sourceTree = "<group>"; };
		86F4017A22DF12B400AB9ECD /* ProductGridTableViewCell.swift */ = {isa = PBXFileReference; lastKnownFileType = sourcecode.swift; path = ProductGridTableViewCell.swift; sourceTree = "<group>"; };
		86F4017B22DF12B400AB9ECD /* ProductGridTableViewCell.xib */ = {isa = PBXFileReference; lastKnownFileType = file.xib; path = ProductGridTableViewCell.xib; sourceTree = "<group>"; };
		86F4DED922E2D42C000ACA12 /* SearchViewController.swift */ = {isa = PBXFileReference; lastKnownFileType = sourcecode.swift; path = SearchViewController.swift; sourceTree = "<group>"; };
		86F4DEDA22E2D42C000ACA12 /* SearchViewController.xib */ = {isa = PBXFileReference; lastKnownFileType = file.xib; path = SearchViewController.xib; sourceTree = "<group>"; };
		86F4DEDE22E30BDE000ACA12 /* ListFromNavigationViewController.swift */ = {isa = PBXFileReference; lastKnownFileType = sourcecode.swift; path = ListFromNavigationViewController.swift; sourceTree = "<group>"; };
		86F4DEDF22E30BDE000ACA12 /* ListFromNavigationViewController.xib */ = {isa = PBXFileReference; lastKnownFileType = file.xib; path = ListFromNavigationViewController.xib; sourceTree = "<group>"; };
		86F65C6D22FAD8D200F01555 /* LoanTableViewCell.swift */ = {isa = PBXFileReference; lastKnownFileType = sourcecode.swift; path = LoanTableViewCell.swift; sourceTree = "<group>"; };
		86F65C6E22FAD8D200F01555 /* LoanTableViewCell.xib */ = {isa = PBXFileReference; lastKnownFileType = file.xib; path = LoanTableViewCell.xib; sourceTree = "<group>"; };
		C402139922574C9B007920C4 /* MenuController.swift */ = {isa = PBXFileReference; fileEncoding = 4; lastKnownFileType = sourcecode.swift; path = MenuController.swift; sourceTree = "<group>"; };
		C402139B22574CD4007920C4 /* VSMS-Bridging-Header.h */ = {isa = PBXFileReference; lastKnownFileType = sourcecode.c.h; path = "VSMS-Bridging-Header.h"; sourceTree = "<group>"; };
		C402139C22574CD6007920C4 /* SWRevealViewController.h */ = {isa = PBXFileReference; fileEncoding = 4; lastKnownFileType = sourcecode.c.h; path = SWRevealViewController.h; sourceTree = "<group>"; };
		C402139D22574CD7007920C4 /* SWRevealViewController.m */ = {isa = PBXFileReference; fileEncoding = 4; lastKnownFileType = sourcecode.c.objc; path = SWRevealViewController.m; sourceTree = "<group>"; };
		C40213A022574D06007920C4 /* HomeSearchController.swift */ = {isa = PBXFileReference; fileEncoding = 4; lastKnownFileType = sourcecode.swift; path = HomeSearchController.swift; sourceTree = "<group>"; };
		C40213A122574D07007920C4 /* UploadProfileController.swift */ = {isa = PBXFileReference; fileEncoding = 4; lastKnownFileType = sourcecode.swift; path = UploadProfileController.swift; sourceTree = "<group>"; };
		C40213A222574D07007920C4 /* SearchResultController.swift */ = {isa = PBXFileReference; fileEncoding = 4; lastKnownFileType = sourcecode.swift; path = SearchResultController.swift; sourceTree = "<group>"; };
		C40213A322574D08007920C4 /* HomePageController.swift */ = {isa = PBXFileReference; fileEncoding = 4; lastKnownFileType = sourcecode.swift; path = HomePageController.swift; sourceTree = "<group>"; };
		C453177022C3303A006F0BB8 /* NewPostListCollectionViewCell.swift */ = {isa = PBXFileReference; lastKnownFileType = sourcecode.swift; path = NewPostListCollectionViewCell.swift; sourceTree = "<group>"; };
		C453177122C3303A006F0BB8 /* NewPostListCollectionViewCell.xib */ = {isa = PBXFileReference; lastKnownFileType = file.xib; path = NewPostListCollectionViewCell.xib; sourceTree = "<group>"; };
		C456203F22D0BAE300DBF21D /* ProfileModel.swift */ = {isa = PBXFileReference; lastKnownFileType = sourcecode.swift; path = ProfileModel.swift; sourceTree = "<group>"; };
		C45661B122CE6D6200973945 /* PostsTableViewCell.swift */ = {isa = PBXFileReference; lastKnownFileType = sourcecode.swift; path = PostsTableViewCell.swift; sourceTree = "<group>"; };
		C45661B222CE6D6200973945 /* PostsTableViewCell.xib */ = {isa = PBXFileReference; lastKnownFileType = file.xib; path = PostsTableViewCell.xib; sourceTree = "<group>"; };
		C45661B522CE6D9200973945 /* LikesTableViewCell.swift */ = {isa = PBXFileReference; lastKnownFileType = sourcecode.swift; path = LikesTableViewCell.swift; sourceTree = "<group>"; };
		C45661B622CE6D9200973945 /* LikesTableViewCell.xib */ = {isa = PBXFileReference; lastKnownFileType = file.xib; path = LikesTableViewCell.xib; sourceTree = "<group>"; };
		C4726A982306CD5700C5B381 /* HideShowTextField.swift */ = {isa = PBXFileReference; lastKnownFileType = sourcecode.swift; path = HideShowTextField.swift; sourceTree = "<group>"; };
		C4726A9A2306CDE100C5B381 /* PasswordToggleVisibilityView.swift */ = {isa = PBXFileReference; lastKnownFileType = sourcecode.swift; path = PasswordToggleVisibilityView.swift; sourceTree = "<group>"; };
		C4826FC623000FD000494DB0 /* TermofprivacyTableViewCell.swift */ = {isa = PBXFileReference; lastKnownFileType = sourcecode.swift; path = TermofprivacyTableViewCell.swift; sourceTree = "<group>"; };
		C4826FC723000FD000494DB0 /* TermofprivacyTableViewCell.xib */ = {isa = PBXFileReference; lastKnownFileType = file.xib; path = TermofprivacyTableViewCell.xib; sourceTree = "<group>"; };
		C48E11162306794F007E52A8 /* ChangePasswordController.swift */ = {isa = PBXFileReference; lastKnownFileType = sourcecode.swift; path = ChangePasswordController.swift; sourceTree = "<group>"; };
		C48F457622E4618D0097370F /* ContectViewController.swift */ = {isa = PBXFileReference; lastKnownFileType = sourcecode.swift; path = ContectViewController.swift; sourceTree = "<group>"; };
		C492463C22D4A119003B41E4 /* HomePageModel.swift */ = {isa = PBXFileReference; lastKnownFileType = sourcecode.swift; path = HomePageModel.swift; sourceTree = "<group>"; };
		C49A53EC22FDAE7F0017E122 /* CusInputUIView.swift */ = {isa = PBXFileReference; lastKnownFileType = sourcecode.swift; path = CusInputUIView.swift; sourceTree = "<group>"; };
		C49A53EE22FDAEB90017E122 /* CusInputUIView.xib */ = {isa = PBXFileReference; lastKnownFileType = file.xib; path = CusInputUIView.xib; sourceTree = "<group>"; };
		C4AAF7A422C5F2E200B82364 /* NewPostGridCollectionViewCell.swift */ = {isa = PBXFileReference; lastKnownFileType = sourcecode.swift; path = NewPostGridCollectionViewCell.swift; sourceTree = "<group>"; };
		C4AAF7A522C5F2E200B82364 /* NewPostGridCollectionViewCell.xib */ = {isa = PBXFileReference; lastKnownFileType = file.xib; path = NewPostGridCollectionViewCell.xib; sourceTree = "<group>"; };
		C4AAF7A822C60E1C00B82364 /* NewPostImageCollectionViewCell.swift */ = {isa = PBXFileReference; lastKnownFileType = sourcecode.swift; path = NewPostImageCollectionViewCell.swift; sourceTree = "<group>"; };
		C4AAF7A922C60E1C00B82364 /* NewPostImageCollectionViewCell.xib */ = {isa = PBXFileReference; lastKnownFileType = file.xib; path = NewPostImageCollectionViewCell.xib; sourceTree = "<group>"; };
		C4CCAE4622F9660700E21EC4 /* String+Extension.swift */ = {isa = PBXFileReference; fileEncoding = 4; lastKnownFileType = sourcecode.swift; path = "String+Extension.swift"; sourceTree = "<group>"; };
		C4CCAE4822F9676A00E21EC4 /* BaseViewController.swift */ = {isa = PBXFileReference; fileEncoding = 4; lastKnownFileType = sourcecode.swift; path = BaseViewController.swift; sourceTree = "<group>"; };
		C4CCAE4A22F9679300E21EC4 /* LanguageManager.swift */ = {isa = PBXFileReference; fileEncoding = 4; lastKnownFileType = sourcecode.swift; path = LanguageManager.swift; sourceTree = "<group>"; };
		C4CCAE4F22F9726200E21EC4 /* km-KH */ = {isa = PBXFileReference; lastKnownFileType = text.plist.strings; name = "km-KH"; path = "km-KH.lproj/Main.strings"; sourceTree = "<group>"; };
		C4CCAE5022F9726400E21EC4 /* km-KH */ = {isa = PBXFileReference; lastKnownFileType = text.plist.strings; name = "km-KH"; path = "km-KH.lproj/LaunchScreen.strings"; sourceTree = "<group>"; };
		C4CCAE5222F9732C00E21EC4 /* en */ = {isa = PBXFileReference; lastKnownFileType = text.plist.strings; name = en; path = en.lproj/Localizable.strings; sourceTree = "<group>"; };
		C4CCAE5422F9734000E21EC4 /* km-KH */ = {isa = PBXFileReference; lastKnownFileType = text.plist.strings; name = "km-KH"; path = "km-KH.lproj/Localizable.strings"; sourceTree = "<group>"; };
		D52D64542232736D00008156 /* NewViewController.swift */ = {isa = PBXFileReference; lastKnownFileType = sourcecode.swift; path = NewViewController.swift; sourceTree = "<group>"; };
		D54A83CB225465A900BA1634 /* Assets.xcassets */ = {isa = PBXFileReference; lastKnownFileType = folder.assetcatalog; path = Assets.xcassets; sourceTree = "<group>"; };
		D54C4810224223BD004FE033 /* LoginController.swift */ = {isa = PBXFileReference; lastKnownFileType = sourcecode.swift; path = LoginController.swift; sourceTree = "<group>"; };
		D54C48122242249D004FE033 /* RegisterController.swift */ = {isa = PBXFileReference; lastKnownFileType = sourcecode.swift; path = RegisterController.swift; sourceTree = "<group>"; };
		D54C481422422F20004FE033 /* MyAccountController.swift */ = {isa = PBXFileReference; lastKnownFileType = sourcecode.swift; path = MyAccountController.swift; sourceTree = "<group>"; };
		D55FA97A223EBD34005B0C8D /* SettingController.swift */ = {isa = PBXFileReference; lastKnownFileType = sourcecode.swift; path = SettingController.swift; sourceTree = "<group>"; };
		D5885159224DC5CC006BF532 /* TablebalanceViewController.swift */ = {isa = PBXFileReference; lastKnownFileType = sourcecode.swift; path = TablebalanceViewController.swift; sourceTree = "<group>"; };
		D5901C892248890C00F0D581 /* StockTransfer.swift */ = {isa = PBXFileReference; lastKnownFileType = sourcecode.swift; path = StockTransfer.swift; sourceTree = "<group>"; wrapsLines = 0; };
		D5B6471D2255A91E00C113FF /* TablepostviewController.swift */ = {isa = PBXFileReference; lastKnownFileType = sourcecode.swift; path = TablepostviewController.swift; sourceTree = "<group>"; };
		D5BA49EC2255ECC100C61E9C /* TransferinfomationViewController.swift */ = {isa = PBXFileReference; lastKnownFileType = sourcecode.swift; path = TransferinfomationViewController.swift; sourceTree = "<group>"; };
/* End PBXFileReference section */

/* Begin PBXFrameworksBuildPhase section */
		865B5DAE221FDD3600864F7E /* Frameworks */ = {
			isa = PBXFrameworksBuildPhase;
			buildActionMask = 2147483647;
			files = (
				5A40B576ABDEBD0C0DDE15E0 /* Pods_VSMS.framework in Frameworks */,
			);
			runOnlyForDeploymentPostprocessing = 0;
		};
/* End PBXFrameworksBuildPhase section */

/* Begin PBXGroup section */
		86022E0E22D4A2B600D4C9C2 /* Discount */ = {
			isa = PBXGroup;
			children = (
				86763E1D22D4A70700391237 /* DiscountInputTableViewCell.swift */,
				86763E1E22D4A70700391237 /* DiscountInputTableViewCell.xib */,
			);
			name = Discount;
			sourceTree = "<group>";
		};
		8602E5A422FE718400C31805 /* TabBar */ = {
			isa = PBXGroup;
			children = (
				8602E5A522FE719700C31805 /* TabBarButton.xib */,
				8602E5A722FE71F100C31805 /* TabBarButton.swift */,
			);
			name = TabBar;
			sourceTree = "<group>";
		};
		8615105D22D57B2A00A37835 /* Contact */ = {
			isa = PBXGroup;
			children = (
				8615105E22D5845800A37835 /* ContactInputTableViewCell.swift */,
				8615105F22D5845800A37835 /* ContactInputTableViewCell.xib */,
				8615106422D5914600A37835 /* PhoneNumberInputHeaderTableViewCell.swift */,
				8615106222D5911B00A37835 /* PhoneNumberInputHeaderTableViewCell.xib */,
			);
			name = Contact;
			sourceTree = "<group>";
		};
		861A6FCA22E172F60028D81D /* List Post Type */ = {
			isa = PBXGroup;
			children = (
				861A6FCB22E1732D0028D81D /* ListAllPostByTypeViewController.swift */,
				861A6FCC22E1732D0028D81D /* ListAllPostByTypeViewController.xib */,
				861A6FCF22E17C970028D81D /* ListCategoryTableViewCell.swift */,
				861A6FD022E17C970028D81D /* ListCategoryTableViewCell.xib */,
				861A6FD322E195570028D81D /* ListAllProductViewController.swift */,
				861A6FD422E195570028D81D /* ListAllProductViewController.xib */,
			);
			name = "List Post Type";
			sourceTree = "<group>";
		};
		864997DA22F2E0CE005BD2DF /* HelperXibCell */ = {
			isa = PBXGroup;
			children = (
				864997DB22F2E109005BD2DF /* HelperTableViewCell.swift */,
				864997DC22F2E109005BD2DF /* HelperTableViewCell.xib */,
				863AFDFE22F7E8C8002D3D5D /* LoadingTableViewCell.swift */,
				863AFDFF22F7E8C8002D3D5D /* LoadingTableViewCell.xib */,
			);
			name = HelperXibCell;
			sourceTree = "<group>";
		};
		865B5DA8221FDD3600864F7E = {
			isa = PBXGroup;
			children = (
				865B5DB3221FDD3600864F7E /* VSMS */,
				865B5DB2221FDD3600864F7E /* Products */,
				921D21CDE67B0CC389C8D671 /* Pods */,
				9D8395D53B002605959ABBAB /* Frameworks */,
			);
			sourceTree = "<group>";
		};
		865B5DB2221FDD3600864F7E /* Products */ = {
			isa = PBXGroup;
			children = (
				865B5DB1221FDD3600864F7E /* VSMS.app */,
			);
			name = Products;
			sourceTree = "<group>";
		};
		865B5DB3221FDD3600864F7E /* VSMS */ = {
			isa = PBXGroup;
			children = (
				86E5494A22D6F578002B2980 /* Functions */,
				C402139822574BE2007920C4 /* Model */,
				865B5DC9221FDD7200864F7E /* Controller */,
				865B5DC7221FDD6400864F7E /* Views */,
				865B5DB6221FDD3600864F7E /* ViewController.swift */,
				865B5DB8221FDD3600864F7E /* Main.storyboard */,
				D54A83CB225465A900BA1634 /* Assets.xcassets */,
				C402139C22574CD6007920C4 /* SWRevealViewController.h */,
				C402139D22574CD7007920C4 /* SWRevealViewController.m */,
				865B5DBD221FDD3700864F7E /* LaunchScreen.storyboard */,
				865B5DC0221FDD3700864F7E /* Info.plist */,
				C402139B22574CD4007920C4 /* VSMS-Bridging-Header.h */,
				C4CCAE5122F9732C00E21EC4 /* Localizable.strings */,
			);
			path = VSMS;
			sourceTree = "<group>";
		};
		865B5DC7221FDD6400864F7E /* Views */ = {
			isa = PBXGroup;
			children = (
				C4726A972306CD2A00C5B381 /* Password */,
				86EE08B622FFC68A001EF3A8 /* AboutandTermofprivancy */,
				C49A53EB22FDADD20017E122 /* Input */,
				8602E5A422FE718400C31805 /* TabBar */,
				C4533A5222CDA900008F9D2F /* Profile */,
				86E8F0AC22CC41410093D7A9 /* Dropdownlist */,
				C453176D22C32F82006F0BB8 /* Components */,
				D52D644F2232720300008156 /* CollectionViewCell */,
			);
			path = Views;
			sourceTree = "<group>";
		};
		865B5DC9221FDD7200864F7E /* Controller */ = {
			isa = PBXGroup;
			children = (
				864F7A5C222E607C00437C24 /* AppDelegate.swift */,
				C40213A322574D08007920C4 /* HomePageController.swift */,
				C40213A022574D06007920C4 /* HomeSearchController.swift */,
				86626B96229C464B00FE25DD /* LocationService.swift */,
				D54C4810224223BD004FE033 /* LoginController.swift */,
				D54C481422422F20004FE033 /* MyAccountController.swift */,
				869CF1962276F0800006D7F2 /* PostAdViewController.swift */,
				D52D64542232736D00008156 /* NewViewController.swift */,
				D54C48122242249D004FE033 /* RegisterController.swift */,
				C4CCAE4822F9676A00E21EC4 /* BaseViewController.swift */,
				C40213A222574D07007920C4 /* SearchResultController.swift */,
				D55FA97A223EBD34005B0C8D /* SettingController.swift */,
				C4CCAE4A22F9679300E21EC4 /* LanguageManager.swift */,
				D5901C892248890C00F0D581 /* StockTransfer.swift */,
				D5885159224DC5CC006BF532 /* TablebalanceViewController.swift */,
				D5B6471D2255A91E00C113FF /* TablepostviewController.swift */,
				86626B99229C464C00FE25DD /* TestViewController.swift */,
				D5BA49EC2255ECC100C61E9C /* TransferinfomationViewController.swift */,
				C40213A122574D07007920C4 /* UploadProfileController.swift */,
				86AAF0D622C0C4D4003C46F3 /* MenuViewController.swift */,
				865C543722C5B1810081FBC5 /* LoginPasswordController.swift */,
				86D6C40E22C74D1F003B952E /* CustomTabBarController.swift */,
				86E46AB022D875FE0028C93E /* DetailViewController.swift */,
				C48F457622E4618D0097370F /* ContectViewController.swift */,
				864502EC22FBFCFC00E6396C /* LoanViewController.swift */,
				8632208123039DDF002B9DF6 /* PostViewController.swift */,
				86EE08B422FFC607001EF3A8 /* AboutUsandTermOfTableViewController.swift */,
				C48E11162306794F007E52A8 /* ChangePasswordController.swift */,
			);
			path = Controller;
			sourceTree = "<group>";
		};
		86B94E0F22E83D9200C793D2 /* TLPicker */ = {
			isa = PBXGroup;
			children = (
				86B94E1422E83FEC00C793D2 /* CustomCell_Instagram.swift */,
				86B94E1522E83FEC00C793D2 /* CustomCell_Instagram.xib */,
			);
			name = TLPicker;
			sourceTree = "<group>";
		};
		86C90F8122D05C5A00A6E608 /* Post */ = {
			isa = PBXGroup;
			children = (
				86B94E0F22E83D9200C793D2 /* TLPicker */,
				8615105D22D57B2A00A37835 /* Contact */,
				86022E0E22D4A2B600D4C9C2 /* Discount */,
				86C90F8B22D0923900A6E608 /* Detail */,
			);
			name = Post;
			sourceTree = "<group>";
		};
		86C90F8B22D0923900A6E608 /* Detail */ = {
			isa = PBXGroup;
			children = (
				86F3CF6F22D2DD85005F8FF6 /* DetailTableViewCell.swift */,
				86F3CF7022D2DD85005F8FF6 /* DetailTableViewCell.xib */,
			);
			name = Detail;
			sourceTree = "<group>";
		};
		86E5494A22D6F578002B2980 /* Functions */ = {
			isa = PBXGroup;
			children = (
				86E5494B22D6F595002B2980 /* Message.swift */,
				864222B022DEC6BD002E41E7 /* RequestHandle.swift */,
				866C2DB72305175B004B7682 /* PresentController.swift */,
			);
			path = Functions;
			sourceTree = "<group>";
		};
		86E8F0AC22CC41410093D7A9 /* Dropdownlist */ = {
			isa = PBXGroup;
			children = (
				86E8F0AD22CC427F0093D7A9 /* DropdownTableViewCell.swift */,
				86E8F0AE22CC427F0093D7A9 /* DropdownTableViewCell.xib */,
			);
			name = Dropdownlist;
			sourceTree = "<group>";
		};
		86EE08B622FFC68A001EF3A8 /* AboutandTermofprivancy */ = {
			isa = PBXGroup;
			children = (
				86EE08B722FFC6B7001EF3A8 /* AboutUsTableViewCell.swift */,
				86EE08B822FFC6B7001EF3A8 /* AboutUsTableViewCell.xib */,
				C4826FC623000FD000494DB0 /* TermofprivacyTableViewCell.swift */,
				C4826FC723000FD000494DB0 /* TermofprivacyTableViewCell.xib */,
			);
			name = AboutandTermofprivancy;
			sourceTree = "<group>";
		};
		86F4DED822E2D3FB000ACA12 /* SearchBar */ = {
			isa = PBXGroup;
			children = (
				86F4DED922E2D42C000ACA12 /* SearchViewController.swift */,
				86F4DEDA22E2D42C000ACA12 /* SearchViewController.xib */,
			);
			name = SearchBar;
			sourceTree = "<group>";
		};
		86F4DEDD22E30BC1000ACA12 /* Navigation */ = {
			isa = PBXGroup;
			children = (
				86F4DEDE22E30BDE000ACA12 /* ListFromNavigationViewController.swift */,
				86F4DEDF22E30BDE000ACA12 /* ListFromNavigationViewController.xib */,
			);
			name = Navigation;
			sourceTree = "<group>";
		};
		921D21CDE67B0CC389C8D671 /* Pods */ = {
			isa = PBXGroup;
			children = (
				1AF75AC80883AE714FAFFEFD /* Pods-VSMS.debug.xcconfig */,
				0DBE36CC98970F76E207A56D /* Pods-VSMS.release.xcconfig */,
			);
			path = Pods;
			sourceTree = "<group>";
		};
		9D8395D53B002605959ABBAB /* Frameworks */ = {
			isa = PBXGroup;
			children = (
				422454760A29C3178F1F4F7C /* Pods_VSMS.framework */,
			);
			name = Frameworks;
			sourceTree = "<group>";
		};
		C402139822574BE2007920C4 /* Model */ = {
			isa = PBXGroup;
			children = (
				C4CCAE4622F9660700E21EC4 /* String+Extension.swift */,
				C402139922574C9B007920C4 /* MenuController.swift */,
				C456203F22D0BAE300DBF21D /* ProfileModel.swift */,
				86E8F0B122CCBE4D0093D7A9 /* Protocol.swift */,
				86D6FC2222CDA25600B27B25 /* APIModel.swift */,
				86D6FC2422CDA4F500B27B25 /* Functions.swift */,
				86D6FC2622CDE1BF00B27B25 /* PostViewModel.swift */,
				86022E0C22D445FC00D4C9C2 /* ExtensionHelper.swift */,
				86F0FB1822D1CF1500DF6559 /* PostList.swift */,
				C492463C22D4A119003B41E4 /* HomePageModel.swift */,
				86E46AAE22D845470028C93E /* DetailViewModel.swift */,
				86EDF12F22F9862E00CBA118 /* AccountViewModel.swift */,
				863D30B923011C20002C2725 /* LoanViewModel.swift */,
				863220832303B0F5002B9DF6 /* StructTemplate.swift */,
			);
			path = Model;
			sourceTree = "<group>";
		};
		C453176D22C32F82006F0BB8 /* Components */ = {
			isa = PBXGroup;
			children = (
				864997DA22F2E0CE005BD2DF /* HelperXibCell */,
				86C90F8122D05C5A00A6E608 /* Post */,
				C453176E22C32F8F006F0BB8 /* Home */,
			);
			name = Components;
			sourceTree = "<group>";
		};
		C453176E22C32F8F006F0BB8 /* Home */ = {
			isa = PBXGroup;
			children = (
				86F4DEDD22E30BC1000ACA12 /* Navigation */,
				86F4DED822E2D3FB000ACA12 /* SearchBar */,
				861A6FCA22E172F60028D81D /* List Post Type */,
				C453176F22C32FA0006F0BB8 /* NewPostComponents */,
			);
			name = Home;
			sourceTree = "<group>";
		};
		C453176F22C32FA0006F0BB8 /* NewPostComponents */ = {
			isa = PBXGroup;
			children = (
				C453177022C3303A006F0BB8 /* NewPostListCollectionViewCell.swift */,
				C453177122C3303A006F0BB8 /* NewPostListCollectionViewCell.xib */,
				C4AAF7A422C5F2E200B82364 /* NewPostGridCollectionViewCell.swift */,
				C4AAF7A522C5F2E200B82364 /* NewPostGridCollectionViewCell.xib */,
				C4AAF7A822C60E1C00B82364 /* NewPostImageCollectionViewCell.swift */,
				C4AAF7A922C60E1C00B82364 /* NewPostImageCollectionViewCell.xib */,
				864222B222DEFB44002E41E7 /* ProductListTableViewCell.swift */,
				864222B322DEFB44002E41E7 /* ProductListTableViewCell.xib */,
				86F4017622DF0E4500AB9ECD /* ProductImageTableViewCell.swift */,
				86F4017722DF0E4500AB9ECD /* ProductImageTableViewCell.xib */,
				86F4017A22DF12B400AB9ECD /* ProductGridTableViewCell.swift */,
				86F4017B22DF12B400AB9ECD /* ProductGridTableViewCell.xib */,
			);
			name = NewPostComponents;
			sourceTree = "<group>";
		};
		C4533A5222CDA900008F9D2F /* Profile */ = {
			isa = PBXGroup;
			children = (
				C45661B522CE6D9200973945 /* LikesTableViewCell.swift */,
				C45661B622CE6D9200973945 /* LikesTableViewCell.xib */,
				C45661B122CE6D6200973945 /* PostsTableViewCell.swift */,
				C45661B222CE6D6200973945 /* PostsTableViewCell.xib */,
				864997D622F2D93B005BD2DF /* ActiveDeactiveTableViewCell.swift */,
				864997D722F2D93B005BD2DF /* ActiveDeactiveTableViewCell.xib */,
				86F65C6D22FAD8D200F01555 /* LoanTableViewCell.swift */,
				86F65C6E22FAD8D200F01555 /* LoanTableViewCell.xib */,
				864502E222FBB7DD00E6396C /* LoanHistoryTableViewCell.swift */,
				864502E322FBB7DD00E6396C /* LoanHistoryTableViewCell.xib */,
			);
			name = Profile;
			sourceTree = "<group>";
		};
		C4726A972306CD2A00C5B381 /* Password */ = {
			isa = PBXGroup;
			children = (
				C4726A982306CD5700C5B381 /* HideShowTextField.swift */,
				C4726A9A2306CDE100C5B381 /* PasswordToggleVisibilityView.swift */,
			);
			name = Password;
			sourceTree = "<group>";
		};
		C49A53EB22FDADD20017E122 /* Input */ = {
			isa = PBXGroup;
			children = (
				C49A53EC22FDAE7F0017E122 /* CusInputUIView.swift */,
				C49A53EE22FDAEB90017E122 /* CusInputUIView.xib */,
				863D30B523010F3B002C2725 /* CusDropDownUIView.swift */,
				863D30B723010F67002C2725 /* CusDropDownUIView.xib */,
				863220872303F828002B9DF6 /* CusTextAreaInput.swift */,
				863220852303F7EE002B9DF6 /* CusTextAreaInput.xib */,
				866C2DB32304F20A004B7682 /* ImagePickerUIView.swift */,
				866C2DB52304F222004B7682 /* ImagePickerUIView.xib */,
			);
			name = Input;
			sourceTree = "<group>";
		};
		D52D644F2232720300008156 /* CollectionViewCell */ = {
			isa = PBXGroup;
			children = (
				86626BC1229C498400FE25DD /* AddmoreNumberPhoneTableViewCell.swift */,
				86626BC0229C498400FE25DD /* AddmoreNumberPhoneTableViewCell.xib */,
				86626BB4229C491A00FE25DD /* CollectionTableViewCell.swift */,
				86626BB5229C491A00FE25DD /* CollectionTableViewCell.xib */,
				86B10323229C4C7900192DAD /* CollectionViewHeader.swift */,
				86626BBD229C496300FE25DD /* DeTailTableCell.swift */,
				86626BBC229C496300FE25DD /* DeTailTableCell.xib */,
				86AAF0BD22C081C2003C46F3 /* DiscountCollectionViewCell.swift */,
				86AAF0BE22C081C3003C46F3 /* DiscountCollectionViewCell.xib */,
				86AAF0C322C081C3003C46F3 /* DiscountTableViewCell.swift */,
				86AAF0C422C081C3003C46F3 /* DiscountTableViewCell.xib */,
				86AAF0BC22C081C2003C46F3 /* GreditImageCollectionViewCell.swift */,
				86AAF0C022C081C3003C46F3 /* GreditImageCollectionViewCell.xib */,
				86B1031E229C4C7700192DAD /* HomeCollectionViewCell.swift */,
				861C50C0229D667400946FAB /* HomePageTableViewCell.swift */,
				861C50C1229D667400946FAB /* HomePageTableViewCell.xib */,
				86B1031D229C4C7700192DAD /* ImageCollectionViewCell.swift */,
				86626BA1229C470B00FE25DD /* ImageCollectionViewCell.xib */,
				86AAF0C122C081C3003C46F3 /* ImgeSlideCollectionViewCell.swift */,
				86AAF0C222C081C3003C46F3 /* ImgeSlideCollectionViewCell.xib */,
				86B10320229C4C7800192DAD /* MenuTableViewCell.swift */,
				86AAF0BF22C081C3003C46F3 /* NewlyTableViewCell.swift */,
				86AAF0C522C081C3003C46F3 /* NewlyTableViewCell.xib */,
				86626BB9229C493D00FE25DD /* PassDataCell.swift */,
				86626BB8229C493D00FE25DD /* PassDataCell.xib */,
				86626BAD229C480800FE25DD /* PhoneNumberHeader.swift */,
				86626BAC229C480800FE25DD /* PhoneNumberHeader.xib */,
				86B10322229C4C7900192DAD /* PhotoListCollectionViewCell.swift */,
				86B1031B229C4C7600192DAD /* PhotoListCollectionViewCell.xib */,
				86B10335229C4E9D00192DAD /* PostContainer.swift */,
				86AAF0D022C0894B003C46F3 /* SearchTableViewCell.swift */,
				86AAF0D122C0894B003C46F3 /* SearchTableViewCell.xib */,
				86B1031F229C4C7700192DAD /* TablebalanceViewCell.swift */,
				86B10321229C4C7800192DAD /* TablepostViewCell.swift */,
			);
			name = CollectionViewCell;
			sourceTree = "<group>";
		};
/* End PBXGroup section */

/* Begin PBXNativeTarget section */
		865B5DB0221FDD3600864F7E /* VSMS */ = {
			isa = PBXNativeTarget;
			buildConfigurationList = 865B5DC3221FDD3700864F7E /* Build configuration list for PBXNativeTarget "VSMS" */;
			buildPhases = (
				EBB541EF7C71BE7D50830F9C /* [CP] Check Pods Manifest.lock */,
				865B5DAD221FDD3600864F7E /* Sources */,
				865B5DAE221FDD3600864F7E /* Frameworks */,
				865B5DAF221FDD3600864F7E /* Resources */,
				488E9A3C22AF41E3E892294E /* [CP] Embed Pods Frameworks */,
				086CD33F7FFAAA9C13B4A7E9 /* [CP] Copy Pods Resources */,
			);
			buildRules = (
			);
			dependencies = (
			);
			name = VSMS;
			productName = VSMS;
			productReference = 865B5DB1221FDD3600864F7E /* VSMS.app */;
			productType = "com.apple.product-type.application";
		};
/* End PBXNativeTarget section */

/* Begin PBXProject section */
		865B5DA9221FDD3600864F7E /* Project object */ = {
			isa = PBXProject;
			attributes = {
				LastSwiftUpdateCheck = 1010;
				LastUpgradeCheck = 1010;
				ORGANIZATIONNAME = 121;
				TargetAttributes = {
					865B5DB0221FDD3600864F7E = {
						CreatedOnToolsVersion = 10.1;
						LastSwiftMigration = 1010;
					};
				};
			};
			buildConfigurationList = 865B5DAC221FDD3600864F7E /* Build configuration list for PBXProject "VSMS" */;
			compatibilityVersion = "Xcode 9.3";
			developmentRegion = en;
			hasScannedForEncodings = 0;
			knownRegions = (
				en,
				Base,
				"km-KH",
			);
			mainGroup = 865B5DA8221FDD3600864F7E;
			productRefGroup = 865B5DB2221FDD3600864F7E /* Products */;
			projectDirPath = "";
			projectRoot = "";
			targets = (
				865B5DB0221FDD3600864F7E /* VSMS */,
			);
		};
/* End PBXProject section */

/* Begin PBXResourcesBuildPhase section */
		865B5DAF221FDD3600864F7E /* Resources */ = {
			isa = PBXResourcesBuildPhase;
			buildActionMask = 2147483647;
			files = (
				86AAF0C822C081C3003C46F3 /* DiscountCollectionViewCell.xib in Resources */,
				86F3CF7222D2DD85005F8FF6 /* DetailTableViewCell.xib in Resources */,
				864997DE22F2E109005BD2DF /* HelperTableViewCell.xib in Resources */,
				86626BBE229C496300FE25DD /* DeTailTableCell.xib in Resources */,
				861A6FCE22E1732E0028D81D /* ListAllPostByTypeViewController.xib in Resources */,
				C4CCAE5322F9732C00E21EC4 /* Localizable.strings in Resources */,
				8615106122D5845800A37835 /* ContactInputTableViewCell.xib in Resources */,
				C45661B822CE6D9200973945 /* LikesTableViewCell.xib in Resources */,
				86E8F0B022CC427F0093D7A9 /* DropdownTableViewCell.xib in Resources */,
				86626BB7229C491A00FE25DD /* CollectionTableViewCell.xib in Resources */,
				86F4017D22DF12B400AB9ECD /* ProductGridTableViewCell.xib in Resources */,
				864502E522FBB7DD00E6396C /* LoanHistoryTableViewCell.xib in Resources */,
				864997D922F2D93B005BD2DF /* ActiveDeactiveTableViewCell.xib in Resources */,
				86626BAE229C480800FE25DD /* PhoneNumberHeader.xib in Resources */,
				C4AAF7A722C5F2E300B82364 /* NewPostGridCollectionViewCell.xib in Resources */,
				C49A53EF22FDAEB90017E122 /* CusInputUIView.xib in Resources */,
				865B5DBF221FDD3700864F7E /* LaunchScreen.storyboard in Resources */,
				866C2DB62304F222004B7682 /* ImagePickerUIView.xib in Resources */,
				86F4DEDC22E2D42C000ACA12 /* SearchViewController.xib in Resources */,
				864222B522DEFB44002E41E7 /* ProductListTableViewCell.xib in Resources */,
				C4826FC923000FD100494DB0 /* TermofprivacyTableViewCell.xib in Resources */,
				86AAF0CE22C081C3003C46F3 /* DiscountTableViewCell.xib in Resources */,
				86B94E1722E83FEC00C793D2 /* CustomCell_Instagram.xib in Resources */,
				86F4017922DF0E4500AB9ECD /* ProductImageTableViewCell.xib in Resources */,
				86B10326229C4C7A00192DAD /* PhotoListCollectionViewCell.xib in Resources */,
				861A6FD222E17C970028D81D /* ListCategoryTableViewCell.xib in Resources */,
				C4AAF7AB22C60E1C00B82364 /* NewPostImageCollectionViewCell.xib in Resources */,
				861A6FD622E195580028D81D /* ListAllProductViewController.xib in Resources */,
				86626BA3229C470B00FE25DD /* ImageCollectionViewCell.xib in Resources */,
				86AAF0CF22C081C3003C46F3 /* NewlyTableViewCell.xib in Resources */,
				86EE08BA22FFC6B7001EF3A8 /* AboutUsTableViewCell.xib in Resources */,
				863AFE0122F7E8C8002D3D5D /* LoadingTableViewCell.xib in Resources */,
				C453177322C3303A006F0BB8 /* NewPostListCollectionViewCell.xib in Resources */,
				86763E2022D4A70700391237 /* DiscountInputTableViewCell.xib in Resources */,
				86AAF0D322C0894B003C46F3 /* SearchTableViewCell.xib in Resources */,
				C45661B422CE6D6200973945 /* PostsTableViewCell.xib in Resources */,
				86F4DEE122E30BDE000ACA12 /* ListFromNavigationViewController.xib in Resources */,
				86626BC2229C498400FE25DD /* AddmoreNumberPhoneTableViewCell.xib in Resources */,
				D54A83CC225465A900BA1634 /* Assets.xcassets in Resources */,
				86B10337229C4FCE00192DAD /* PassDataCell.xib in Resources */,
				86AAF0CC22C081C3003C46F3 /* ImgeSlideCollectionViewCell.xib in Resources */,
				863D30B823010F67002C2725 /* CusDropDownUIView.xib in Resources */,
				861C50C3229D667400946FAB /* HomePageTableViewCell.xib in Resources */,
				863220862303F7EF002B9DF6 /* CusTextAreaInput.xib in Resources */,
				86AAF0CA22C081C3003C46F3 /* GreditImageCollectionViewCell.xib in Resources */,
				C489D19E22E0FEDF002BB560 /* Main.storyboard in Resources */,
				8602E5A622FE719700C31805 /* TabBarButton.xib in Resources */,
				8615106322D5911B00A37835 /* PhoneNumberInputHeaderTableViewCell.xib in Resources */,
				86F65C7022FAD8D200F01555 /* LoanTableViewCell.xib in Resources */,
			);
			runOnlyForDeploymentPostprocessing = 0;
		};
/* End PBXResourcesBuildPhase section */

/* Begin PBXShellScriptBuildPhase section */
		086CD33F7FFAAA9C13B4A7E9 /* [CP] Copy Pods Resources */ = {
			isa = PBXShellScriptBuildPhase;
			buildActionMask = 2147483647;
			files = (
			);
			inputFileListPaths = (
			);
			inputPaths = (
				"${PODS_ROOT}/Target Support Files/Pods-VSMS/Pods-VSMS-resources.sh",
				"${PODS_ROOT}/GoogleMaps/Maps/Frameworks/GoogleMaps.framework/Resources/GoogleMaps.bundle",
				"${PODS_ROOT}/GooglePlaces/Frameworks/GooglePlaces.framework/Resources/GooglePlaces.bundle",
			);
			name = "[CP] Copy Pods Resources";
			outputFileListPaths = (
			);
			outputPaths = (
				"${TARGET_BUILD_DIR}/${UNLOCALIZED_RESOURCES_FOLDER_PATH}/GoogleMaps.bundle",
				"${TARGET_BUILD_DIR}/${UNLOCALIZED_RESOURCES_FOLDER_PATH}/GooglePlaces.bundle",
			);
			runOnlyForDeploymentPostprocessing = 0;
			shellPath = /bin/sh;
			shellScript = "\"${PODS_ROOT}/Target Support Files/Pods-VSMS/Pods-VSMS-resources.sh\"\n";
			showEnvVarsInLog = 0;
		};
		488E9A3C22AF41E3E892294E /* [CP] Embed Pods Frameworks */ = {
			isa = PBXShellScriptBuildPhase;
			buildActionMask = 2147483647;
			files = (
			);
			inputFileListPaths = (
			);
			inputPaths = (
				"${PODS_ROOT}/Target Support Files/Pods-VSMS/Pods-VSMS-frameworks.sh",
				"${BUILT_PRODUCTS_DIR}/Alamofire/Alamofire.framework",
				"${BUILT_PRODUCTS_DIR}/CollectionViewGridLayout/CollectionViewGridLayout.framework",
				"${BUILT_PRODUCTS_DIR}/DropDown/DropDown.framework",
				"${BUILT_PRODUCTS_DIR}/RSSelectionMenu/RSSelectionMenu.framework",
				"${BUILT_PRODUCTS_DIR}/SideMenuSwift/SideMenuSwift.framework",
				"${BUILT_PRODUCTS_DIR}/SwiftyJSON/SwiftyJSON.framework",
				"${BUILT_PRODUCTS_DIR}/TLPhotoPicker/TLPhotoPicker.framework",
				"${BUILT_PRODUCTS_DIR}/Toast-Swift/Toast_Swift.framework",
			);
			name = "[CP] Embed Pods Frameworks";
			outputFileListPaths = (
			);
			outputPaths = (
				"${TARGET_BUILD_DIR}/${FRAMEWORKS_FOLDER_PATH}/Alamofire.framework",
				"${TARGET_BUILD_DIR}/${FRAMEWORKS_FOLDER_PATH}/CollectionViewGridLayout.framework",
				"${TARGET_BUILD_DIR}/${FRAMEWORKS_FOLDER_PATH}/DropDown.framework",
				"${TARGET_BUILD_DIR}/${FRAMEWORKS_FOLDER_PATH}/RSSelectionMenu.framework",
				"${TARGET_BUILD_DIR}/${FRAMEWORKS_FOLDER_PATH}/SideMenuSwift.framework",
				"${TARGET_BUILD_DIR}/${FRAMEWORKS_FOLDER_PATH}/SwiftyJSON.framework",
				"${TARGET_BUILD_DIR}/${FRAMEWORKS_FOLDER_PATH}/TLPhotoPicker.framework",
				"${TARGET_BUILD_DIR}/${FRAMEWORKS_FOLDER_PATH}/Toast_Swift.framework",
			);
			runOnlyForDeploymentPostprocessing = 0;
			shellPath = /bin/sh;
			shellScript = "\"${PODS_ROOT}/Target Support Files/Pods-VSMS/Pods-VSMS-frameworks.sh\"\n";
			showEnvVarsInLog = 0;
		};
		EBB541EF7C71BE7D50830F9C /* [CP] Check Pods Manifest.lock */ = {
			isa = PBXShellScriptBuildPhase;
			buildActionMask = 2147483647;
			files = (
			);
			inputFileListPaths = (
			);
			inputPaths = (
				"${PODS_PODFILE_DIR_PATH}/Podfile.lock",
				"${PODS_ROOT}/Manifest.lock",
			);
			name = "[CP] Check Pods Manifest.lock";
			outputFileListPaths = (
			);
			outputPaths = (
				"$(DERIVED_FILE_DIR)/Pods-VSMS-checkManifestLockResult.txt",
			);
			runOnlyForDeploymentPostprocessing = 0;
			shellPath = /bin/sh;
			shellScript = "diff \"${PODS_PODFILE_DIR_PATH}/Podfile.lock\" \"${PODS_ROOT}/Manifest.lock\" > /dev/null\nif [ $? != 0 ] ; then\n    # print error to STDERR\n    echo \"error: The sandbox is not in sync with the Podfile.lock. Run 'pod install' or update your CocoaPods installation.\" >&2\n    exit 1\nfi\n# This output is used by Xcode 'outputs' to avoid re-running this script phase.\necho \"SUCCESS\" > \"${SCRIPT_OUTPUT_FILE_0}\"\n";
			showEnvVarsInLog = 0;
		};
/* End PBXShellScriptBuildPhase section */

/* Begin PBXSourcesBuildPhase section */
		865B5DAD221FDD3600864F7E /* Sources */ = {
			isa = PBXSourcesBuildPhase;
			buildActionMask = 2147483647;
			files = (
				865C543822C5B1810081FBC5 /* LoginPasswordController.swift in Sources */,
				C40213A822574D08007920C4 /* HomePageController.swift in Sources */,
				86EE08B522FFC607001EF3A8 /* AboutUsandTermOfTableViewController.swift in Sources */,
				861A6FCD22E1732D0028D81D /* ListAllPostByTypeViewController.swift in Sources */,
				C4CCAE4722F9660700E21EC4 /* String+Extension.swift in Sources */,
				86E8F0AF22CC427F0093D7A9 /* DropdownTableViewCell.swift in Sources */,
				D54C48132242249D004FE033 /* RegisterController.swift in Sources */,
				86EE08B922FFC6B7001EF3A8 /* AboutUsTableViewCell.swift in Sources */,
				8632208223039DDF002B9DF6 /* PostViewController.swift in Sources */,
				86AAF0C622C081C3003C46F3 /* GreditImageCollectionViewCell.swift in Sources */,
				86763E1F22D4A70700391237 /* DiscountInputTableViewCell.swift in Sources */,
				86B10329229C4C7A00192DAD /* HomeCollectionViewCell.swift in Sources */,
				866C2DB42304F20A004B7682 /* ImagePickerUIView.swift in Sources */,
				C402139A22574C9C007920C4 /* MenuController.swift in Sources */,
				864222B122DEC6BD002E41E7 /* RequestHandle.swift in Sources */,
				86626BAF229C480800FE25DD /* PhoneNumberHeader.swift in Sources */,
				86F3CF7122D2DD85005F8FF6 /* DetailTableViewCell.swift in Sources */,
				8602E5A822FE71F100C31805 /* TabBarButton.swift in Sources */,
				863D30BA23011C20002C2725 /* LoanViewModel.swift in Sources */,
				C4CCAE4922F9676B00E21EC4 /* BaseViewController.swift in Sources */,
				86626BBF229C496300FE25DD /* DeTailTableCell.swift in Sources */,
				D5B6471E2255A91E00C113FF /* TablepostviewController.swift in Sources */,
				86D6FC2322CDA25600B27B25 /* APIModel.swift in Sources */,
				D55FA97B223EBD34005B0C8D /* SettingController.swift in Sources */,
				86B1032E229C4C7A00192DAD /* CollectionViewHeader.swift in Sources */,
				C4726A9B2306CDE100C5B381 /* PasswordToggleVisibilityView.swift in Sources */,
				C40213A522574D08007920C4 /* HomeSearchController.swift in Sources */,
				864502ED22FBFCFC00E6396C /* LoanViewController.swift in Sources */,
				866C2DB82305175B004B7682 /* PresentController.swift in Sources */,
				C456204022D0BAE300DBF21D /* ProfileModel.swift in Sources */,
				C4CCAE4B22F9679300E21EC4 /* LanguageManager.swift in Sources */,
				86AAF0C722C081C3003C46F3 /* DiscountCollectionViewCell.swift in Sources */,
				864F7A5D222E607C00437C24 /* AppDelegate.swift in Sources */,
				C48E11172306794F007E52A8 /* ChangePasswordController.swift in Sources */,
				863AFE0022F7E8C8002D3D5D /* LoadingTableViewCell.swift in Sources */,
				C4726A992306CD5700C5B381 /* HideShowTextField.swift in Sources */,
				86B1032D229C4C7A00192DAD /* PhotoListCollectionViewCell.swift in Sources */,
				C402139E22574CD8007920C4 /* SWRevealViewController.m in Sources */,
				C453177222C3303A006F0BB8 /* NewPostListCollectionViewCell.swift in Sources */,
				86B94E1622E83FEC00C793D2 /* CustomCell_Instagram.swift in Sources */,
				86D6FC2722CDE1BF00B27B25 /* PostViewModel.swift in Sources */,
				8615106022D5845800A37835 /* ContactInputTableViewCell.swift in Sources */,
				D5901C8A2248890C00F0D581 /* StockTransfer.swift in Sources */,
				86AAF0CB22C081C3003C46F3 /* ImgeSlideCollectionViewCell.swift in Sources */,
				86F4DEDB22E2D42C000ACA12 /* SearchViewController.swift in Sources */,
				86D6FC2522CDA4F500B27B25 /* Functions.swift in Sources */,
				86022E0D22D445FC00D4C9C2 /* ExtensionHelper.swift in Sources */,
				86AAF0D222C0894B003C46F3 /* SearchTableViewCell.swift in Sources */,
				C40213A722574D08007920C4 /* SearchResultController.swift in Sources */,
				86B1032C229C4C7A00192DAD /* TablepostViewCell.swift in Sources */,
				D54C4811224223BD004FE033 /* LoginController.swift in Sources */,
				86E8F0B222CCBE4D0093D7A9 /* Protocol.swift in Sources */,
				863D30B623010F3B002C2725 /* CusDropDownUIView.swift in Sources */,
				86626BB6229C491A00FE25DD /* CollectionTableViewCell.swift in Sources */,
				D5BA49ED2255ECC100C61E9C /* TransferinfomationViewController.swift in Sources */,
				C4AAF7A622C5F2E200B82364 /* NewPostGridCollectionViewCell.swift in Sources */,
				86F4017822DF0E4500AB9ECD /* ProductImageTableViewCell.swift in Sources */,
				863220882303F828002B9DF6 /* CusTextAreaInput.swift in Sources */,
				C49A53ED22FDAE7F0017E122 /* CusInputUIView.swift in Sources */,
				D52D64552232736D00008156 /* NewViewController.swift in Sources */,
				865B5DB7221FDD3600864F7E /* ViewController.swift in Sources */,
				86AAF0D722C0C4D4003C46F3 /* MenuViewController.swift in Sources */,
				86B10328229C4C7A00192DAD /* ImageCollectionViewCell.swift in Sources */,
				86AAF0C922C081C3003C46F3 /* NewlyTableViewCell.swift in Sources */,
				864997D822F2D93B005BD2DF /* ActiveDeactiveTableViewCell.swift in Sources */,
				C48F457722E4618D0097370F /* ContectViewController.swift in Sources */,
				8615106522D5914600A37835 /* PhoneNumberInputHeaderTableViewCell.swift in Sources */,
				86B1032A229C4C7A00192DAD /* TablebalanceViewCell.swift in Sources */,
				86AAF0CD22C081C3003C46F3 /* DiscountTableViewCell.swift in Sources */,
				D588515A224DC5CC006BF532 /* TablebalanceViewController.swift in Sources */,
				86F4DEE022E30BDE000ACA12 /* ListFromNavigationViewController.swift in Sources */,
				C4AAF7AA22C60E1C00B82364 /* NewPostImageCollectionViewCell.swift in Sources */,
				861C50C2229D667400946FAB /* HomePageTableViewCell.swift in Sources */,
				86E46AB122D875FF0028C93E /* DetailViewController.swift in Sources */,
				864222B422DEFB44002E41E7 /* ProductListTableViewCell.swift in Sources */,
				C45661B322CE6D6200973945 /* PostsTableViewCell.swift in Sources */,
				C492463D22D4A119003B41E4 /* HomePageModel.swift in Sources */,
				86626B9B229C464C00FE25DD /* LocationService.swift in Sources */,
				86F65C6F22FAD8D200F01555 /* LoanTableViewCell.swift in Sources */,
				86E5494C22D6F596002B2980 /* Message.swift in Sources */,
				C45661B722CE6D9200973945 /* LikesTableViewCell.swift in Sources */,
				86626B9E229C464C00FE25DD /* TestViewController.swift in Sources */,
				863220842303B0F5002B9DF6 /* StructTemplate.swift in Sources */,
				86626BBB229C493E00FE25DD /* PassDataCell.swift in Sources */,
				86B1032B229C4C7A00192DAD /* MenuTableViewCell.swift in Sources */,
				86F0FB1922D1CF1500DF6559 /* PostList.swift in Sources */,
				86626BC3229C498400FE25DD /* AddmoreNumberPhoneTableViewCell.swift in Sources */,
				86D6C40F22C74D1F003B952E /* CustomTabBarController.swift in Sources */,
				D54C481522422F20004FE033 /* MyAccountController.swift in Sources */,
				C40213A622574D08007920C4 /* UploadProfileController.swift in Sources */,
				86B10336229C4E9D00192DAD /* PostContainer.swift in Sources */,
				C4826FC823000FD000494DB0 /* TermofprivacyTableViewCell.swift in Sources */,
				861A6FD522E195580028D81D /* ListAllProductViewController.swift in Sources */,
				864502E422FBB7DD00E6396C /* LoanHistoryTableViewCell.swift in Sources */,
				86EDF13022F9862E00CBA118 /* AccountViewModel.swift in Sources */,
				864997DD22F2E109005BD2DF /* HelperTableViewCell.swift in Sources */,
				861A6FD122E17C970028D81D /* ListCategoryTableViewCell.swift in Sources */,
				869CF1972276F0800006D7F2 /* PostAdViewController.swift in Sources */,
				86E46AAF22D845470028C93E /* DetailViewModel.swift in Sources */,
				86F4017C22DF12B400AB9ECD /* ProductGridTableViewCell.swift in Sources */,
			);
			runOnlyForDeploymentPostprocessing = 0;
		};
/* End PBXSourcesBuildPhase section */

/* Begin PBXVariantGroup section */
		865B5DB8221FDD3600864F7E /* Main.storyboard */ = {
			isa = PBXVariantGroup;
			children = (
				865B5DB9221FDD3600864F7E /* Base */,
				C4CCAE4F22F9726200E21EC4 /* km-KH */,
			);
			name = Main.storyboard;
			sourceTree = "<group>";
		};
		865B5DBD221FDD3700864F7E /* LaunchScreen.storyboard */ = {
			isa = PBXVariantGroup;
			children = (
				865B5DBE221FDD3700864F7E /* Base */,
				C4CCAE5022F9726400E21EC4 /* km-KH */,
			);
			name = LaunchScreen.storyboard;
			sourceTree = "<group>";
		};
		C4CCAE5122F9732C00E21EC4 /* Localizable.strings */ = {
			isa = PBXVariantGroup;
			children = (
				C4CCAE5222F9732C00E21EC4 /* en */,
				C4CCAE5422F9734000E21EC4 /* km-KH */,
			);
			name = Localizable.strings;
			sourceTree = "<group>";
		};
/* End PBXVariantGroup section */

/* Begin XCBuildConfiguration section */
		865B5DC1221FDD3700864F7E /* Debug */ = {
			isa = XCBuildConfiguration;
			buildSettings = {
				ALWAYS_SEARCH_USER_PATHS = NO;
				CLANG_ANALYZER_LOCALIZABILITY_NONLOCALIZED = YES;
				CLANG_ANALYZER_NONNULL = YES;
				CLANG_ANALYZER_NUMBER_OBJECT_CONVERSION = YES_AGGRESSIVE;
				CLANG_CXX_LANGUAGE_STANDARD = "gnu++14";
				CLANG_CXX_LIBRARY = "libc++";
				CLANG_ENABLE_MODULES = YES;
				CLANG_ENABLE_OBJC_ARC = YES;
				CLANG_ENABLE_OBJC_WEAK = YES;
				CLANG_WARN_BLOCK_CAPTURE_AUTORELEASING = YES;
				CLANG_WARN_BOOL_CONVERSION = YES;
				CLANG_WARN_COMMA = YES;
				CLANG_WARN_CONSTANT_CONVERSION = YES;
				CLANG_WARN_DEPRECATED_OBJC_IMPLEMENTATIONS = YES;
				CLANG_WARN_DIRECT_OBJC_ISA_USAGE = YES_ERROR;
				CLANG_WARN_DOCUMENTATION_COMMENTS = YES;
				CLANG_WARN_EMPTY_BODY = YES;
				CLANG_WARN_ENUM_CONVERSION = YES;
				CLANG_WARN_INFINITE_RECURSION = YES;
				CLANG_WARN_INT_CONVERSION = YES;
				CLANG_WARN_NON_LITERAL_NULL_CONVERSION = YES;
				CLANG_WARN_OBJC_IMPLICIT_RETAIN_SELF = YES;
				CLANG_WARN_OBJC_LITERAL_CONVERSION = YES;
				CLANG_WARN_OBJC_ROOT_CLASS = YES_ERROR;
				CLANG_WARN_RANGE_LOOP_ANALYSIS = YES;
				CLANG_WARN_STRICT_PROTOTYPES = YES;
				CLANG_WARN_SUSPICIOUS_MOVE = YES;
				CLANG_WARN_UNGUARDED_AVAILABILITY = YES_AGGRESSIVE;
				CLANG_WARN_UNREACHABLE_CODE = YES;
				CLANG_WARN__DUPLICATE_METHOD_MATCH = YES;
				CODE_SIGN_IDENTITY = "iPhone Developer";
				COPY_PHASE_STRIP = NO;
				DEBUG_INFORMATION_FORMAT = dwarf;
				ENABLE_STRICT_OBJC_MSGSEND = YES;
				ENABLE_TESTABILITY = YES;
				GCC_C_LANGUAGE_STANDARD = gnu11;
				GCC_DYNAMIC_NO_PIC = NO;
				GCC_NO_COMMON_BLOCKS = YES;
				GCC_OPTIMIZATION_LEVEL = 0;
				GCC_PREPROCESSOR_DEFINITIONS = (
					"DEBUG=1",
					"$(inherited)",
				);
				GCC_WARN_64_TO_32_BIT_CONVERSION = YES;
				GCC_WARN_ABOUT_RETURN_TYPE = YES_ERROR;
				GCC_WARN_UNDECLARED_SELECTOR = YES;
				GCC_WARN_UNINITIALIZED_AUTOS = YES_AGGRESSIVE;
				GCC_WARN_UNUSED_FUNCTION = YES;
				GCC_WARN_UNUSED_VARIABLE = YES;
				IPHONEOS_DEPLOYMENT_TARGET = 12.1;
				MTL_ENABLE_DEBUG_INFO = INCLUDE_SOURCE;
				MTL_FAST_MATH = YES;
				ONLY_ACTIVE_ARCH = YES;
				SDKROOT = iphoneos;
				SWIFT_ACTIVE_COMPILATION_CONDITIONS = DEBUG;
				SWIFT_OPTIMIZATION_LEVEL = "-Onone";
			};
			name = Debug;
		};
		865B5DC2221FDD3700864F7E /* Release */ = {
			isa = XCBuildConfiguration;
			buildSettings = {
				ALWAYS_SEARCH_USER_PATHS = NO;
				CLANG_ANALYZER_LOCALIZABILITY_NONLOCALIZED = YES;
				CLANG_ANALYZER_NONNULL = YES;
				CLANG_ANALYZER_NUMBER_OBJECT_CONVERSION = YES_AGGRESSIVE;
				CLANG_CXX_LANGUAGE_STANDARD = "gnu++14";
				CLANG_CXX_LIBRARY = "libc++";
				CLANG_ENABLE_MODULES = YES;
				CLANG_ENABLE_OBJC_ARC = YES;
				CLANG_ENABLE_OBJC_WEAK = YES;
				CLANG_WARN_BLOCK_CAPTURE_AUTORELEASING = YES;
				CLANG_WARN_BOOL_CONVERSION = YES;
				CLANG_WARN_COMMA = YES;
				CLANG_WARN_CONSTANT_CONVERSION = YES;
				CLANG_WARN_DEPRECATED_OBJC_IMPLEMENTATIONS = YES;
				CLANG_WARN_DIRECT_OBJC_ISA_USAGE = YES_ERROR;
				CLANG_WARN_DOCUMENTATION_COMMENTS = YES;
				CLANG_WARN_EMPTY_BODY = YES;
				CLANG_WARN_ENUM_CONVERSION = YES;
				CLANG_WARN_INFINITE_RECURSION = YES;
				CLANG_WARN_INT_CONVERSION = YES;
				CLANG_WARN_NON_LITERAL_NULL_CONVERSION = YES;
				CLANG_WARN_OBJC_IMPLICIT_RETAIN_SELF = YES;
				CLANG_WARN_OBJC_LITERAL_CONVERSION = YES;
				CLANG_WARN_OBJC_ROOT_CLASS = YES_ERROR;
				CLANG_WARN_RANGE_LOOP_ANALYSIS = YES;
				CLANG_WARN_STRICT_PROTOTYPES = YES;
				CLANG_WARN_SUSPICIOUS_MOVE = YES;
				CLANG_WARN_UNGUARDED_AVAILABILITY = YES_AGGRESSIVE;
				CLANG_WARN_UNREACHABLE_CODE = YES;
				CLANG_WARN__DUPLICATE_METHOD_MATCH = YES;
				CODE_SIGN_IDENTITY = "iPhone Developer";
				COPY_PHASE_STRIP = NO;
				DEBUG_INFORMATION_FORMAT = "dwarf-with-dsym";
				ENABLE_NS_ASSERTIONS = NO;
				ENABLE_STRICT_OBJC_MSGSEND = YES;
				GCC_C_LANGUAGE_STANDARD = gnu11;
				GCC_NO_COMMON_BLOCKS = YES;
				GCC_WARN_64_TO_32_BIT_CONVERSION = YES;
				GCC_WARN_ABOUT_RETURN_TYPE = YES_ERROR;
				GCC_WARN_UNDECLARED_SELECTOR = YES;
				GCC_WARN_UNINITIALIZED_AUTOS = YES_AGGRESSIVE;
				GCC_WARN_UNUSED_FUNCTION = YES;
				GCC_WARN_UNUSED_VARIABLE = YES;
				IPHONEOS_DEPLOYMENT_TARGET = 12.1;
				MTL_ENABLE_DEBUG_INFO = NO;
				MTL_FAST_MATH = YES;
				SDKROOT = iphoneos;
				SWIFT_COMPILATION_MODE = wholemodule;
				SWIFT_OPTIMIZATION_LEVEL = "-O";
				VALIDATE_PRODUCT = YES;
			};
			name = Release;
		};
		865B5DC4221FDD3700864F7E /* Debug */ = {
			isa = XCBuildConfiguration;
			baseConfigurationReference = 1AF75AC80883AE714FAFFEFD /* Pods-VSMS.debug.xcconfig */;
			buildSettings = {
				ASSETCATALOG_COMPILER_APPICON_NAME = AppIcon;
				ASSETCATALOG_COMPILER_LAUNCHIMAGE_NAME = LaunchImage;
				CLANG_ENABLE_MODULES = YES;
				CODE_SIGN_IDENTITY = "iPhone Developer";
				CODE_SIGN_STYLE = Automatic;
				DEVELOPMENT_TEAM = "";
				INFOPLIST_FILE = VSMS/Info.plist;
				IPHONEOS_DEPLOYMENT_TARGET = 11.0;
				LD_RUNPATH_SEARCH_PATHS = (
					"$(inherited)",
					"@executable_path/Frameworks",
				);
				PRODUCT_BUNDLE_IDENTIFIER = com.121.VSMS;
				PRODUCT_NAME = "$(TARGET_NAME)";
				PROVISIONING_PROFILE_SPECIFIER = "";
				SWIFT_OBJC_BRIDGING_HEADER = "VSMS/VSMS-Bridging-Header.h";
				SWIFT_OPTIMIZATION_LEVEL = "-Onone";
				SWIFT_VERSION = 4.2;
				TARGETED_DEVICE_FAMILY = "1,2";
			};
			name = Debug;
		};
		865B5DC5221FDD3700864F7E /* Release */ = {
			isa = XCBuildConfiguration;
			baseConfigurationReference = 0DBE36CC98970F76E207A56D /* Pods-VSMS.release.xcconfig */;
			buildSettings = {
				ASSETCATALOG_COMPILER_APPICON_NAME = AppIcon;
				ASSETCATALOG_COMPILER_LAUNCHIMAGE_NAME = LaunchImage;
				CLANG_ENABLE_MODULES = YES;
				CODE_SIGN_IDENTITY = "iPhone Developer";
				CODE_SIGN_STYLE = Automatic;
				DEVELOPMENT_TEAM = "";
				INFOPLIST_FILE = VSMS/Info.plist;
				IPHONEOS_DEPLOYMENT_TARGET = 11.0;
				LD_RUNPATH_SEARCH_PATHS = (
					"$(inherited)",
					"@executable_path/Frameworks",
				);
				PRODUCT_BUNDLE_IDENTIFIER = com.121.VSMS;
				PRODUCT_NAME = "$(TARGET_NAME)";
				PROVISIONING_PROFILE_SPECIFIER = "";
				SWIFT_OBJC_BRIDGING_HEADER = "VSMS/VSMS-Bridging-Header.h";
				SWIFT_VERSION = 4.2;
				TARGETED_DEVICE_FAMILY = "1,2";
			};
			name = Release;
		};
/* End XCBuildConfiguration section */

/* Begin XCConfigurationList section */
		865B5DAC221FDD3600864F7E /* Build configuration list for PBXProject "VSMS" */ = {
			isa = XCConfigurationList;
			buildConfigurations = (
				865B5DC1221FDD3700864F7E /* Debug */,
				865B5DC2221FDD3700864F7E /* Release */,
			);
			defaultConfigurationIsVisible = 0;
			defaultConfigurationName = Release;
		};
		865B5DC3221FDD3700864F7E /* Build configuration list for PBXNativeTarget "VSMS" */ = {
			isa = XCConfigurationList;
			buildConfigurations = (
				865B5DC4221FDD3700864F7E /* Debug */,
				865B5DC5221FDD3700864F7E /* Release */,
			);
			defaultConfigurationIsVisible = 0;
			defaultConfigurationName = Release;
		};
/* End XCConfigurationList section */
	};
	rootObject = 865B5DA9221FDD3600864F7E /* Project object */;
}
